// !$*UTF8*$!
{
	archiveVersion = 1;
	classes = {
	};
	objectVersion = 46;
	objects = {

/* Begin PBXBuildFile section */
		6003F58E195388D20070C39A /* Foundation.framework in Frameworks */ = {isa = PBXBuildFile; fileRef = 6003F58D195388D20070C39A /* Foundation.framework */; };
		6003F590195388D20070C39A /* CoreGraphics.framework in Frameworks */ = {isa = PBXBuildFile; fileRef = 6003F58F195388D20070C39A /* CoreGraphics.framework */; };
		6003F592195388D20070C39A /* UIKit.framework in Frameworks */ = {isa = PBXBuildFile; fileRef = 6003F591195388D20070C39A /* UIKit.framework */; };
		6003F598195388D20070C39A /* InfoPlist.strings in Resources */ = {isa = PBXBuildFile; fileRef = 6003F596195388D20070C39A /* InfoPlist.strings */; };
		6003F59A195388D20070C39A /* main.m in Sources */ = {isa = PBXBuildFile; fileRef = 6003F599195388D20070C39A /* main.m */; };
		6003F59E195388D20070C39A /* WZMAppDelegate.m in Sources */ = {isa = PBXBuildFile; fileRef = 6003F59D195388D20070C39A /* WZMAppDelegate.m */; };
		6003F5A9195388D20070C39A /* Images.xcassets in Resources */ = {isa = PBXBuildFile; fileRef = 6003F5A8195388D20070C39A /* Images.xcassets */; };
		6003F5B1195388D20070C39A /* Foundation.framework in Frameworks */ = {isa = PBXBuildFile; fileRef = 6003F58D195388D20070C39A /* Foundation.framework */; };
		6003F5B2195388D20070C39A /* UIKit.framework in Frameworks */ = {isa = PBXBuildFile; fileRef = 6003F591195388D20070C39A /* UIKit.framework */; };
		6003F5BA195388D20070C39A /* InfoPlist.strings in Resources */ = {isa = PBXBuildFile; fileRef = 6003F5B8195388D20070C39A /* InfoPlist.strings */; };
		6003F5BC195388D20070C39A /* Tests.m in Sources */ = {isa = PBXBuildFile; fileRef = 6003F5BB195388D20070C39A /* Tests.m */; };
		754A1E5722E15290005A0585 /* WZMBaseInputView.m in Sources */ = {isa = PBXBuildFile; fileRef = 754A1E5622E15290005A0585 /* WZMBaseInputView.m */; };
		754A1E5A22E1639B005A0585 /* WZMInputBtn.m in Sources */ = {isa = PBXBuildFile; fileRef = 754A1E5822E1639A005A0585 /* WZMInputBtn.m */; };
		754A1E5F22E16459005A0585 /* wzm_chat_more.png in Resources */ = {isa = PBXBuildFile; fileRef = 754A1E5B22E16458005A0585 /* wzm_chat_more.png */; };
		754A1E6022E16459005A0585 /* wzm_chat_board.png in Resources */ = {isa = PBXBuildFile; fileRef = 754A1E5C22E16459005A0585 /* wzm_chat_board.png */; };
		754A1E6122E16459005A0585 /* wzm_chat_emotion.png in Resources */ = {isa = PBXBuildFile; fileRef = 754A1E5D22E16459005A0585 /* wzm_chat_emotion.png */; };
		754A1E6222E16459005A0585 /* wzm_chat_voice.png in Resources */ = {isa = PBXBuildFile; fileRef = 754A1E5E22E16459005A0585 /* wzm_chat_voice.png */; };
		754A1E6522E17609005A0585 /* WZMInputView.m in Sources */ = {isa = PBXBuildFile; fileRef = 754A1E6422E17609005A0585 /* WZMInputView.m */; };
		7558CBBE22DF4FB90043651C /* FirstViewController.m in Sources */ = {isa = PBXBuildFile; fileRef = 7558CBB922DF4FB80043651C /* FirstViewController.m */; };
		7558CBC322DF50D30043651C /* SecondViewController.m in Sources */ = {isa = PBXBuildFile; fileRef = 7558CBC222DF50D30043651C /* SecondViewController.m */; };
		7558CBC622DF50E60043651C /* ThirdViewController.m in Sources */ = {isa = PBXBuildFile; fileRef = 7558CBC522DF50E60043651C /* ThirdViewController.m */; };
		7582F7AC22E54EEA00F1CCFB /* WZMEmoticonManager.m in Sources */ = {isa = PBXBuildFile; fileRef = 7582F79922E54EE900F1CCFB /* WZMEmoticonManager.m */; };
		7582F7AD22E54EEA00F1CCFB /* WZMHorizontalLayout.m in Sources */ = {isa = PBXBuildFile; fileRef = 7582F79E22E54EE900F1CCFB /* WZMHorizontalLayout.m */; };
		7582F7AE22E54EEA00F1CCFB /* WZMChatRecordAnimation.m in Sources */ = {isa = PBXBuildFile; fileRef = 7582F7A022E54EE900F1CCFB /* WZMChatRecordAnimation.m */; };
		7582F7AF22E54EEA00F1CCFB /* WZMEmoticonCell.m in Sources */ = {isa = PBXBuildFile; fileRef = 7582F7A622E54EE900F1CCFB /* WZMEmoticonCell.m */; };
		7582F7B022E54EEA00F1CCFB /* WZMBlankCell.m in Sources */ = {isa = PBXBuildFile; fileRef = 7582F7A722E54EE900F1CCFB /* WZMBlankCell.m */; };
		7582F7B122E54EEA00F1CCFB /* WZMDeleteCell.m in Sources */ = {isa = PBXBuildFile; fileRef = 7582F7A922E54EE900F1CCFB /* WZMDeleteCell.m */; };
		7582F7B222E54EEA00F1CCFB /* WZMEmojisCell.m in Sources */ = {isa = PBXBuildFile; fileRef = 7582F7AA22E54EE900F1CCFB /* WZMEmojisCell.m */; };
		7582F7B322E54EEA00F1CCFB /* WZMEmojisKeyboard.m in Sources */ = {isa = PBXBuildFile; fileRef = 7582F7AB22E54EE900F1CCFB /* WZMEmojisKeyboard.m */; };
		7582F7B922E54EF000F1CCFB /* WZMEmoticon2.plist in Resources */ = {isa = PBXBuildFile; fileRef = 7582F7B522E54EF000F1CCFB /* WZMEmoticon2.plist */; };
		7582F7BA22E54EF000F1CCFB /* WZMEmoticon1.plist in Resources */ = {isa = PBXBuildFile; fileRef = 7582F7B622E54EF000F1CCFB /* WZMEmoticon1.plist */; };
		7582F7BB22E54EF000F1CCFB /* WZMEmojis.plist in Resources */ = {isa = PBXBuildFile; fileRef = 7582F7B722E54EF000F1CCFB /* WZMEmojis.plist */; };
		7582F7BC22E54EF000F1CCFB /* WZMEmoticon.bundle in Resources */ = {isa = PBXBuildFile; fileRef = 7582F7B822E54EF000F1CCFB /* WZMEmoticon.bundle */; };
		7582F7C022E54F4100F1CCFB /* WZMChatMoreKeyboard.m in Sources */ = {isa = PBXBuildFile; fileRef = 7582F7BE22E54F4100F1CCFB /* WZMChatMoreKeyboard.m */; };
		7582F7C322E54FFD00F1CCFB /* WZMInputHelper.m in Sources */ = {isa = PBXBuildFile; fileRef = 7582F7C222E54FFD00F1CCFB /* WZMInputHelper.m */; };
		7582F7C622E551C900F1CCFB /* ChatBase64.m in Sources */ = {isa = PBXBuildFile; fileRef = 7582F7C522E551C900F1CCFB /* ChatBase64.m */; };
		7582F7CA22E556D100F1CCFB /* WZMInputToolView.m in Sources */ = {isa = PBXBuildFile; fileRef = 7582F7C922E556D100F1CCFB /* WZMInputToolView.m */; };
		8FFC752582DB5F52B13C7854 /* Pods_WZMKit_Example.framework in Frameworks */ = {isa = PBXBuildFile; fileRef = 7AB222FE9757B76DF99B833A /* Pods_WZMKit_Example.framework */; };
		DE012CDCE7AE8D032B2B7FB0 /* Pods_WZMKit_Tests.framework in Frameworks */ = {isa = PBXBuildFile; fileRef = 9C63DD93959D398BDB5C6D81 /* Pods_WZMKit_Tests.framework */; };
/* End PBXBuildFile section */

/* Begin PBXContainerItemProxy section */
		6003F5B3195388D20070C39A /* PBXContainerItemProxy */ = {
			isa = PBXContainerItemProxy;
			containerPortal = 6003F582195388D10070C39A /* Project object */;
			proxyType = 1;
			remoteGlobalIDString = 6003F589195388D20070C39A;
			remoteInfo = WZMKit;
		};
/* End PBXContainerItemProxy section */

/* Begin PBXFileReference section */
		0EE2092771CDE724AD1E5C17 /* LICENSE */ = {isa = PBXFileReference; includeInIndex = 1; lastKnownFileType = text; name = LICENSE; path = ../LICENSE; sourceTree = "<group>"; };
		1D90B6D8FF498486DC003509 /* Pods-WZMKit_Tests.debug.xcconfig */ = {isa = PBXFileReference; includeInIndex = 1; lastKnownFileType = text.xcconfig; name = "Pods-WZMKit_Tests.debug.xcconfig"; path = "Target Support Files/Pods-WZMKit_Tests/Pods-WZMKit_Tests.debug.xcconfig"; sourceTree = "<group>"; };
		5A2BDFC8FAFC20C0EF7D5AF8 /* Pods-WZMKit_Tests.release.xcconfig */ = {isa = PBXFileReference; includeInIndex = 1; lastKnownFileType = text.xcconfig; name = "Pods-WZMKit_Tests.release.xcconfig"; path = "Target Support Files/Pods-WZMKit_Tests/Pods-WZMKit_Tests.release.xcconfig"; sourceTree = "<group>"; };
		6003F58A195388D20070C39A /* WZMKit_Example.app */ = {isa = PBXFileReference; explicitFileType = wrapper.application; includeInIndex = 0; path = WZMKit_Example.app; sourceTree = BUILT_PRODUCTS_DIR; };
		6003F58D195388D20070C39A /* Foundation.framework */ = {isa = PBXFileReference; lastKnownFileType = wrapper.framework; name = Foundation.framework; path = System/Library/Frameworks/Foundation.framework; sourceTree = SDKROOT; };
		6003F58F195388D20070C39A /* CoreGraphics.framework */ = {isa = PBXFileReference; lastKnownFileType = wrapper.framework; name = CoreGraphics.framework; path = System/Library/Frameworks/CoreGraphics.framework; sourceTree = SDKROOT; };
		6003F591195388D20070C39A /* UIKit.framework */ = {isa = PBXFileReference; lastKnownFileType = wrapper.framework; name = UIKit.framework; path = System/Library/Frameworks/UIKit.framework; sourceTree = SDKROOT; };
		6003F595195388D20070C39A /* WZMKit-Info.plist */ = {isa = PBXFileReference; lastKnownFileType = text.plist.xml; path = "WZMKit-Info.plist"; sourceTree = "<group>"; };
		6003F597195388D20070C39A /* en */ = {isa = PBXFileReference; lastKnownFileType = text.plist.strings; name = en; path = en.lproj/InfoPlist.strings; sourceTree = "<group>"; };
		6003F599195388D20070C39A /* main.m */ = {isa = PBXFileReference; lastKnownFileType = sourcecode.c.objc; path = main.m; sourceTree = "<group>"; };
		6003F59B195388D20070C39A /* WZMKit-Prefix.pch */ = {isa = PBXFileReference; lastKnownFileType = sourcecode.c.h; path = "WZMKit-Prefix.pch"; sourceTree = "<group>"; };
		6003F59C195388D20070C39A /* WZMAppDelegate.h */ = {isa = PBXFileReference; lastKnownFileType = sourcecode.c.h; path = WZMAppDelegate.h; sourceTree = "<group>"; };
		6003F59D195388D20070C39A /* WZMAppDelegate.m */ = {isa = PBXFileReference; lastKnownFileType = sourcecode.c.objc; path = WZMAppDelegate.m; sourceTree = "<group>"; };
		6003F5A8195388D20070C39A /* Images.xcassets */ = {isa = PBXFileReference; lastKnownFileType = folder.assetcatalog; path = Images.xcassets; sourceTree = "<group>"; };
		6003F5AE195388D20070C39A /* WZMKit_Tests.xctest */ = {isa = PBXFileReference; explicitFileType = wrapper.cfbundle; includeInIndex = 0; path = WZMKit_Tests.xctest; sourceTree = BUILT_PRODUCTS_DIR; };
		6003F5B7195388D20070C39A /* Tests-Info.plist */ = {isa = PBXFileReference; lastKnownFileType = text.plist.xml; path = "Tests-Info.plist"; sourceTree = "<group>"; };
		6003F5B9195388D20070C39A /* en */ = {isa = PBXFileReference; lastKnownFileType = text.plist.strings; name = en; path = en.lproj/InfoPlist.strings; sourceTree = "<group>"; };
		6003F5BB195388D20070C39A /* Tests.m */ = {isa = PBXFileReference; lastKnownFileType = sourcecode.c.objc; path = Tests.m; sourceTree = "<group>"; };
		606FC2411953D9B200FFA9A0 /* Tests-Prefix.pch */ = {isa = PBXFileReference; lastKnownFileType = sourcecode.c.h; path = "Tests-Prefix.pch"; sourceTree = "<group>"; };
		754A1E5522E15290005A0585 /* WZMBaseInputView.h */ = {isa = PBXFileReference; lastKnownFileType = sourcecode.c.h; path = WZMBaseInputView.h; sourceTree = "<group>"; };
		754A1E5622E15290005A0585 /* WZMBaseInputView.m */ = {isa = PBXFileReference; lastKnownFileType = sourcecode.c.objc; path = WZMBaseInputView.m; sourceTree = "<group>"; };
		754A1E5822E1639A005A0585 /* WZMInputBtn.m */ = {isa = PBXFileReference; fileEncoding = 4; lastKnownFileType = sourcecode.c.objc; path = WZMInputBtn.m; sourceTree = "<group>"; };
		754A1E5922E1639A005A0585 /* WZMInputBtn.h */ = {isa = PBXFileReference; fileEncoding = 4; lastKnownFileType = sourcecode.c.h; path = WZMInputBtn.h; sourceTree = "<group>"; };
		754A1E5B22E16458005A0585 /* wzm_chat_more.png */ = {isa = PBXFileReference; lastKnownFileType = image.png; path = wzm_chat_more.png; sourceTree = "<group>"; };
		754A1E5C22E16459005A0585 /* wzm_chat_board.png */ = {isa = PBXFileReference; lastKnownFileType = image.png; path = wzm_chat_board.png; sourceTree = "<group>"; };
		754A1E5D22E16459005A0585 /* wzm_chat_emotion.png */ = {isa = PBXFileReference; lastKnownFileType = image.png; path = wzm_chat_emotion.png; sourceTree = "<group>"; };
		754A1E5E22E16459005A0585 /* wzm_chat_voice.png */ = {isa = PBXFileReference; lastKnownFileType = image.png; path = wzm_chat_voice.png; sourceTree = "<group>"; };
		754A1E6322E17609005A0585 /* WZMInputView.h */ = {isa = PBXFileReference; lastKnownFileType = sourcecode.c.h; path = WZMInputView.h; sourceTree = "<group>"; };
		754A1E6422E17609005A0585 /* WZMInputView.m */ = {isa = PBXFileReference; lastKnownFileType = sourcecode.c.objc; path = WZMInputView.m; sourceTree = "<group>"; };
		7558CBB922DF4FB80043651C /* FirstViewController.m */ = {isa = PBXFileReference; fileEncoding = 4; lastKnownFileType = sourcecode.c.objc; path = FirstViewController.m; sourceTree = "<group>"; };
		7558CBBA22DF4FB80043651C /* FirstViewController.h */ = {isa = PBXFileReference; fileEncoding = 4; lastKnownFileType = sourcecode.c.h; path = FirstViewController.h; sourceTree = "<group>"; };
		7558CBC122DF50D30043651C /* SecondViewController.h */ = {isa = PBXFileReference; lastKnownFileType = sourcecode.c.h; path = SecondViewController.h; sourceTree = "<group>"; };
		7558CBC222DF50D30043651C /* SecondViewController.m */ = {isa = PBXFileReference; lastKnownFileType = sourcecode.c.objc; path = SecondViewController.m; sourceTree = "<group>"; };
		7558CBC422DF50E60043651C /* ThirdViewController.h */ = {isa = PBXFileReference; lastKnownFileType = sourcecode.c.h; path = ThirdViewController.h; sourceTree = "<group>"; };
		7558CBC522DF50E60043651C /* ThirdViewController.m */ = {isa = PBXFileReference; lastKnownFileType = sourcecode.c.objc; path = ThirdViewController.m; sourceTree = "<group>"; };
		7582F79722E54EE900F1CCFB /* WZMEmojisKeyboard.h */ = {isa = PBXFileReference; fileEncoding = 4; lastKnownFileType = sourcecode.c.h; path = WZMEmojisKeyboard.h; sourceTree = "<group>"; };
		7582F79922E54EE900F1CCFB /* WZMEmoticonManager.m */ = {isa = PBXFileReference; fileEncoding = 4; lastKnownFileType = sourcecode.c.objc; path = WZMEmoticonManager.m; sourceTree = "<group>"; };
		7582F79A22E54EE900F1CCFB /* WZMEmoticonManager.h */ = {isa = PBXFileReference; fileEncoding = 4; lastKnownFileType = sourcecode.c.h; path = WZMEmoticonManager.h; sourceTree = "<group>"; };
		7582F79D22E54EE900F1CCFB /* WZMHorizontalLayout.h */ = {isa = PBXFileReference; fileEncoding = 4; lastKnownFileType = sourcecode.c.h; path = WZMHorizontalLayout.h; sourceTree = "<group>"; };
		7582F79E22E54EE900F1CCFB /* WZMHorizontalLayout.m */ = {isa = PBXFileReference; fileEncoding = 4; lastKnownFileType = sourcecode.c.objc; path = WZMHorizontalLayout.m; sourceTree = "<group>"; };
		7582F7A022E54EE900F1CCFB /* WZMChatRecordAnimation.m */ = {isa = PBXFileReference; fileEncoding = 4; lastKnownFileType = sourcecode.c.objc; path = WZMChatRecordAnimation.m; sourceTree = "<group>"; };
		7582F7A122E54EE900F1CCFB /* WZMChatRecordAnimation.h */ = {isa = PBXFileReference; fileEncoding = 4; lastKnownFileType = sourcecode.c.h; path = WZMChatRecordAnimation.h; sourceTree = "<group>"; };
		7582F7A322E54EE900F1CCFB /* WZMBlankCell.h */ = {isa = PBXFileReference; fileEncoding = 4; lastKnownFileType = sourcecode.c.h; path = WZMBlankCell.h; sourceTree = "<group>"; };
		7582F7A422E54EE900F1CCFB /* WZMEmojisCell.h */ = {isa = PBXFileReference; fileEncoding = 4; lastKnownFileType = sourcecode.c.h; path = WZMEmojisCell.h; sourceTree = "<group>"; };
		7582F7A522E54EE900F1CCFB /* WZMDeleteCell.h */ = {isa = PBXFileReference; fileEncoding = 4; lastKnownFileType = sourcecode.c.h; path = WZMDeleteCell.h; sourceTree = "<group>"; };
		7582F7A622E54EE900F1CCFB /* WZMEmoticonCell.m */ = {isa = PBXFileReference; fileEncoding = 4; lastKnownFileType = sourcecode.c.objc; path = WZMEmoticonCell.m; sourceTree = "<group>"; };
		7582F7A722E54EE900F1CCFB /* WZMBlankCell.m */ = {isa = PBXFileReference; fileEncoding = 4; lastKnownFileType = sourcecode.c.objc; path = WZMBlankCell.m; sourceTree = "<group>"; };
		7582F7A822E54EE900F1CCFB /* WZMEmoticonCell.h */ = {isa = PBXFileReference; fileEncoding = 4; lastKnownFileType = sourcecode.c.h; path = WZMEmoticonCell.h; sourceTree = "<group>"; };
		7582F7A922E54EE900F1CCFB /* WZMDeleteCell.m */ = {isa = PBXFileReference; fileEncoding = 4; lastKnownFileType = sourcecode.c.objc; path = WZMDeleteCell.m; sourceTree = "<group>"; };
		7582F7AA22E54EE900F1CCFB /* WZMEmojisCell.m */ = {isa = PBXFileReference; fileEncoding = 4; lastKnownFileType = sourcecode.c.objc; path = WZMEmojisCell.m; sourceTree = "<group>"; };
		7582F7AB22E54EE900F1CCFB /* WZMEmojisKeyboard.m */ = {isa = PBXFileReference; fileEncoding = 4; lastKnownFileType = sourcecode.c.objc; path = WZMEmojisKeyboard.m; sourceTree = "<group>"; };
		7582F7B522E54EF000F1CCFB /* WZMEmoticon2.plist */ = {isa = PBXFileReference; fileEncoding = 4; lastKnownFileType = text.plist.xml; path = WZMEmoticon2.plist; sourceTree = "<group>"; };
		7582F7B622E54EF000F1CCFB /* WZMEmoticon1.plist */ = {isa = PBXFileReference; fileEncoding = 4; lastKnownFileType = text.plist.xml; path = WZMEmoticon1.plist; sourceTree = "<group>"; };
		7582F7B722E54EF000F1CCFB /* WZMEmojis.plist */ = {isa = PBXFileReference; lastKnownFileType = file.bplist; path = WZMEmojis.plist; sourceTree = "<group>"; };
		7582F7B822E54EF000F1CCFB /* WZMEmoticon.bundle */ = {isa = PBXFileReference; lastKnownFileType = "wrapper.plug-in"; path = WZMEmoticon.bundle; sourceTree = "<group>"; };
		7582F7BE22E54F4100F1CCFB /* WZMChatMoreKeyboard.m */ = {isa = PBXFileReference; fileEncoding = 4; lastKnownFileType = sourcecode.c.objc; path = WZMChatMoreKeyboard.m; sourceTree = "<group>"; };
		7582F7BF22E54F4100F1CCFB /* WZMChatMoreKeyboard.h */ = {isa = PBXFileReference; fileEncoding = 4; lastKnownFileType = sourcecode.c.h; path = WZMChatMoreKeyboard.h; sourceTree = "<group>"; };
		7582F7C122E54FFD00F1CCFB /* WZMInputHelper.h */ = {isa = PBXFileReference; lastKnownFileType = sourcecode.c.h; path = WZMInputHelper.h; sourceTree = "<group>"; };
		7582F7C222E54FFD00F1CCFB /* WZMInputHelper.m */ = {isa = PBXFileReference; lastKnownFileType = sourcecode.c.objc; path = WZMInputHelper.m; sourceTree = "<group>"; };
		7582F7C422E551C900F1CCFB /* ChatBase64.h */ = {isa = PBXFileReference; fileEncoding = 4; lastKnownFileType = sourcecode.c.h; path = ChatBase64.h; sourceTree = "<group>"; };
		7582F7C522E551C900F1CCFB /* ChatBase64.m */ = {isa = PBXFileReference; fileEncoding = 4; lastKnownFileType = sourcecode.c.objc; path = ChatBase64.m; sourceTree = "<group>"; };
		7582F7C822E556D100F1CCFB /* WZMInputToolView.h */ = {isa = PBXFileReference; lastKnownFileType = sourcecode.c.h; path = WZMInputToolView.h; sourceTree = "<group>"; };
		7582F7C922E556D100F1CCFB /* WZMInputToolView.m */ = {isa = PBXFileReference; lastKnownFileType = sourcecode.c.objc; path = WZMInputToolView.m; sourceTree = "<group>"; };
		769C666531D3E3F78F06E262 /* Pods-WZMKit_Example.debug.xcconfig */ = {isa = PBXFileReference; includeInIndex = 1; lastKnownFileType = text.xcconfig; name = "Pods-WZMKit_Example.debug.xcconfig"; path = "Target Support Files/Pods-WZMKit_Example/Pods-WZMKit_Example.debug.xcconfig"; sourceTree = "<group>"; };
		7AB222FE9757B76DF99B833A /* Pods_WZMKit_Example.framework */ = {isa = PBXFileReference; explicitFileType = wrapper.framework; includeInIndex = 0; path = Pods_WZMKit_Example.framework; sourceTree = BUILT_PRODUCTS_DIR; };
		8AF91485E0336DB80B22F793 /* README.md */ = {isa = PBXFileReference; includeInIndex = 1; lastKnownFileType = net.daringfireball.markdown; name = README.md; path = ../README.md; sourceTree = "<group>"; };
		9C63DD93959D398BDB5C6D81 /* Pods_WZMKit_Tests.framework */ = {isa = PBXFileReference; explicitFileType = wrapper.framework; includeInIndex = 0; path = Pods_WZMKit_Tests.framework; sourceTree = BUILT_PRODUCTS_DIR; };
		A3B8C480A6CD194EE2B98100 /* WZMKit.podspec */ = {isa = PBXFileReference; includeInIndex = 1; lastKnownFileType = text; name = WZMKit.podspec; path = ../WZMKit.podspec; sourceTree = "<group>"; xcLanguageSpecificationIdentifier = xcode.lang.ruby; };
		D485FA748EDD144AD72A7367 /* Pods-WZMKit_Example.release.xcconfig */ = {isa = PBXFileReference; includeInIndex = 1; lastKnownFileType = text.xcconfig; name = "Pods-WZMKit_Example.release.xcconfig"; path = "Target Support Files/Pods-WZMKit_Example/Pods-WZMKit_Example.release.xcconfig"; sourceTree = "<group>"; };
/* End PBXFileReference section */

/* Begin PBXFrameworksBuildPhase section */
		6003F587195388D20070C39A /* Frameworks */ = {
			isa = PBXFrameworksBuildPhase;
			buildActionMask = 2147483647;
			files = (
				6003F590195388D20070C39A /* CoreGraphics.framework in Frameworks */,
				6003F592195388D20070C39A /* UIKit.framework in Frameworks */,
				6003F58E195388D20070C39A /* Foundation.framework in Frameworks */,
				8FFC752582DB5F52B13C7854 /* Pods_WZMKit_Example.framework in Frameworks */,
			);
			runOnlyForDeploymentPostprocessing = 0;
		};
		6003F5AB195388D20070C39A /* Frameworks */ = {
			isa = PBXFrameworksBuildPhase;
			buildActionMask = 2147483647;
			files = (
				6003F5B2195388D20070C39A /* UIKit.framework in Frameworks */,
				6003F5B1195388D20070C39A /* Foundation.framework in Frameworks */,
				DE012CDCE7AE8D032B2B7FB0 /* Pods_WZMKit_Tests.framework in Frameworks */,
			);
			runOnlyForDeploymentPostprocessing = 0;
		};
/* End PBXFrameworksBuildPhase section */

/* Begin PBXGroup section */
		4A0A55B0D3F90AA02188C8FD /* Pods */ = {
			isa = PBXGroup;
			children = (
				769C666531D3E3F78F06E262 /* Pods-WZMKit_Example.debug.xcconfig */,
				D485FA748EDD144AD72A7367 /* Pods-WZMKit_Example.release.xcconfig */,
				1D90B6D8FF498486DC003509 /* Pods-WZMKit_Tests.debug.xcconfig */,
				5A2BDFC8FAFC20C0EF7D5AF8 /* Pods-WZMKit_Tests.release.xcconfig */,
			);
			path = Pods;
			sourceTree = "<group>";
		};
		6003F581195388D10070C39A = {
			isa = PBXGroup;
			children = (
				60FF7A9C1954A5C5007DD14C /* Podspec Metadata */,
				6003F593195388D20070C39A /* Example for WZMKit */,
				6003F5B5195388D20070C39A /* Tests */,
				6003F58C195388D20070C39A /* Frameworks */,
				6003F58B195388D20070C39A /* Products */,
				4A0A55B0D3F90AA02188C8FD /* Pods */,
			);
			sourceTree = "<group>";
		};
		6003F58B195388D20070C39A /* Products */ = {
			isa = PBXGroup;
			children = (
				6003F58A195388D20070C39A /* WZMKit_Example.app */,
				6003F5AE195388D20070C39A /* WZMKit_Tests.xctest */,
			);
			name = Products;
			sourceTree = "<group>";
		};
		6003F58C195388D20070C39A /* Frameworks */ = {
			isa = PBXGroup;
			children = (
				6003F58D195388D20070C39A /* Foundation.framework */,
				6003F58F195388D20070C39A /* CoreGraphics.framework */,
				6003F591195388D20070C39A /* UIKit.framework */,
				7AB222FE9757B76DF99B833A /* Pods_WZMKit_Example.framework */,
				9C63DD93959D398BDB5C6D81 /* Pods_WZMKit_Tests.framework */,
			);
			name = Frameworks;
			sourceTree = "<group>";
		};
		6003F593195388D20070C39A /* Example for WZMKit */ = {
			isa = PBXGroup;
			children = (
				6003F59C195388D20070C39A /* WZMAppDelegate.h */,
				6003F59D195388D20070C39A /* WZMAppDelegate.m */,
				6003F5A8195388D20070C39A /* Images.xcassets */,
				7558CBBB22DF4FB80043651C /* Resource */,
				7558CBB822DF4FB80043651C /* DemoClass */,
				6003F594195388D20070C39A /* Supporting Files */,
			);
			name = "Example for WZMKit";
			path = WZMKit;
			sourceTree = "<group>";
		};
		6003F594195388D20070C39A /* Supporting Files */ = {
			isa = PBXGroup;
			children = (
				6003F595195388D20070C39A /* WZMKit-Info.plist */,
				6003F596195388D20070C39A /* InfoPlist.strings */,
				6003F599195388D20070C39A /* main.m */,
				6003F59B195388D20070C39A /* WZMKit-Prefix.pch */,
			);
			name = "Supporting Files";
			sourceTree = "<group>";
		};
		6003F5B5195388D20070C39A /* Tests */ = {
			isa = PBXGroup;
			children = (
				6003F5BB195388D20070C39A /* Tests.m */,
				6003F5B6195388D20070C39A /* Supporting Files */,
			);
			path = Tests;
			sourceTree = "<group>";
		};
		6003F5B6195388D20070C39A /* Supporting Files */ = {
			isa = PBXGroup;
			children = (
				6003F5B7195388D20070C39A /* Tests-Info.plist */,
				6003F5B8195388D20070C39A /* InfoPlist.strings */,
				606FC2411953D9B200FFA9A0 /* Tests-Prefix.pch */,
			);
			name = "Supporting Files";
			sourceTree = "<group>";
		};
		60FF7A9C1954A5C5007DD14C /* Podspec Metadata */ = {
			isa = PBXGroup;
			children = (
				A3B8C480A6CD194EE2B98100 /* WZMKit.podspec */,
				8AF91485E0336DB80B22F793 /* README.md */,
				0EE2092771CDE724AD1E5C17 /* LICENSE */,
			);
			name = "Podspec Metadata";
			sourceTree = "<group>";
		};
		754A1E5422E1526E005A0585 /* WZMInputView */ = {
			isa = PBXGroup;
			children = (
				7582F7C722E556A300F1CCFB /* WZMInputToolView */,
				7582F7B422E54EF000F1CCFB /* Resource */,
				7582F79522E54E8E00F1CCFB /* WZMBaseInputView */,
				7582F7BD22E54F4100F1CCFB /* WZMMoreKeyboard */,
				7582F79622E54EE900F1CCFB /* WZMEmojisKeyboard */,
				754A1E6322E17609005A0585 /* WZMInputView.h */,
				754A1E6422E17609005A0585 /* WZMInputView.m */,
				754A1E5922E1639A005A0585 /* WZMInputBtn.h */,
				754A1E5822E1639A005A0585 /* WZMInputBtn.m */,
				7582F7C122E54FFD00F1CCFB /* WZMInputHelper.h */,
				7582F7C222E54FFD00F1CCFB /* WZMInputHelper.m */,
				7582F7C422E551C900F1CCFB /* ChatBase64.h */,
				7582F7C522E551C900F1CCFB /* ChatBase64.m */,
			);
			path = WZMInputView;
			sourceTree = "<group>";
		};
		7558CBB822DF4FB80043651C /* DemoClass */ = {
			isa = PBXGroup;
			children = (
				754A1E5C22E16459005A0585 /* wzm_chat_board.png */,
				754A1E5D22E16459005A0585 /* wzm_chat_emotion.png */,
				754A1E5B22E16458005A0585 /* wzm_chat_more.png */,
				754A1E5E22E16459005A0585 /* wzm_chat_voice.png */,
				754A1E5422E1526E005A0585 /* WZMInputView */,
				7558CBBA22DF4FB80043651C /* FirstViewController.h */,
				7558CBB922DF4FB80043651C /* FirstViewController.m */,
				7558CBC122DF50D30043651C /* SecondViewController.h */,
				7558CBC222DF50D30043651C /* SecondViewController.m */,
				7558CBC422DF50E60043651C /* ThirdViewController.h */,
				7558CBC522DF50E60043651C /* ThirdViewController.m */,
			);
			path = DemoClass;
			sourceTree = "<group>";
		};
		7558CBBB22DF4FB80043651C /* Resource */ = {
			isa = PBXGroup;
			children = (
			);
			path = Resource;
			sourceTree = "<group>";
		};
		7582F79522E54E8E00F1CCFB /* WZMBaseInputView */ = {
			isa = PBXGroup;
			children = (
				754A1E5522E15290005A0585 /* WZMBaseInputView.h */,
				754A1E5622E15290005A0585 /* WZMBaseInputView.m */,
			);
			path = WZMBaseInputView;
			sourceTree = "<group>";
		};
		7582F79622E54EE900F1CCFB /* WZMEmojisKeyboard */ = {
			isa = PBXGroup;
			children = (
				7582F79722E54EE900F1CCFB /* WZMEmojisKeyboard.h */,
				7582F7AB22E54EE900F1CCFB /* WZMEmojisKeyboard.m */,
				7582F79B22E54EE900F1CCFB /* View */,
				7582F79822E54EE900F1CCFB /* EmoticonManager */,
			);
			path = WZMEmojisKeyboard;
			sourceTree = "<group>";
		};
		7582F79822E54EE900F1CCFB /* EmoticonManager */ = {
			isa = PBXGroup;
			children = (
				7582F79A22E54EE900F1CCFB /* WZMEmoticonManager.h */,
				7582F79922E54EE900F1CCFB /* WZMEmoticonManager.m */,
			);
			path = EmoticonManager;
			sourceTree = "<group>";
		};
		7582F79B22E54EE900F1CCFB /* View */ = {
			isa = PBXGroup;
			children = (
				7582F7A222E54EE900F1CCFB /* cell */,
				7582F79C22E54EE900F1CCFB /* layout */,
				7582F79F22E54EE900F1CCFB /* recordAnimation */,
			);
			path = View;
			sourceTree = "<group>";
		};
		7582F79C22E54EE900F1CCFB /* layout */ = {
			isa = PBXGroup;
			children = (
				7582F79D22E54EE900F1CCFB /* WZMHorizontalLayout.h */,
				7582F79E22E54EE900F1CCFB /* WZMHorizontalLayout.m */,
			);
			path = layout;
			sourceTree = "<group>";
		};
		7582F79F22E54EE900F1CCFB /* recordAnimation */ = {
			isa = PBXGroup;
			children = (
				7582F7A122E54EE900F1CCFB /* WZMChatRecordAnimation.h */,
				7582F7A022E54EE900F1CCFB /* WZMChatRecordAnimation.m */,
			);
			path = recordAnimation;
			sourceTree = "<group>";
		};
		7582F7A222E54EE900F1CCFB /* cell */ = {
			isa = PBXGroup;
			children = (
				7582F7A322E54EE900F1CCFB /* WZMBlankCell.h */,
				7582F7A722E54EE900F1CCFB /* WZMBlankCell.m */,
				7582F7A422E54EE900F1CCFB /* WZMEmojisCell.h */,
				7582F7AA22E54EE900F1CCFB /* WZMEmojisCell.m */,
				7582F7A522E54EE900F1CCFB /* WZMDeleteCell.h */,
				7582F7A922E54EE900F1CCFB /* WZMDeleteCell.m */,
				7582F7A822E54EE900F1CCFB /* WZMEmoticonCell.h */,
				7582F7A622E54EE900F1CCFB /* WZMEmoticonCell.m */,
			);
			path = cell;
			sourceTree = "<group>";
		};
		7582F7B422E54EF000F1CCFB /* Resource */ = {
			isa = PBXGroup;
			children = (
				7582F7B722E54EF000F1CCFB /* WZMEmojis.plist */,
				7582F7B622E54EF000F1CCFB /* WZMEmoticon1.plist */,
				7582F7B522E54EF000F1CCFB /* WZMEmoticon2.plist */,
				7582F7B822E54EF000F1CCFB /* WZMEmoticon.bundle */,
			);
			path = Resource;
			sourceTree = "<group>";
		};
		7582F7BD22E54F4100F1CCFB /* WZMMoreKeyboard */ = {
			isa = PBXGroup;
			children = (
				7582F7BF22E54F4100F1CCFB /* WZMChatMoreKeyboard.h */,
				7582F7BE22E54F4100F1CCFB /* WZMChatMoreKeyboard.m */,
			);
			path = WZMMoreKeyboard;
			sourceTree = "<group>";
		};
		7582F7C722E556A300F1CCFB /* WZMInputToolView */ = {
			isa = PBXGroup;
			children = (
				7582F7C822E556D100F1CCFB /* WZMInputToolView.h */,
				7582F7C922E556D100F1CCFB /* WZMInputToolView.m */,
			);
			path = WZMInputToolView;
			sourceTree = "<group>";
		};
/* End PBXGroup section */

/* Begin PBXNativeTarget section */
		6003F589195388D20070C39A /* WZMKit_Example */ = {
			isa = PBXNativeTarget;
			buildConfigurationList = 6003F5BF195388D20070C39A /* Build configuration list for PBXNativeTarget "WZMKit_Example" */;
			buildPhases = (
				326881F6E29D5C0A9A694CD6 /* [CP] Check Pods Manifest.lock */,
				6003F586195388D20070C39A /* Sources */,
				6003F587195388D20070C39A /* Frameworks */,
				6003F588195388D20070C39A /* Resources */,
				2EB27DEDFB4629B8816A9340 /* [CP] Embed Pods Frameworks */,
			);
			buildRules = (
			);
			dependencies = (
			);
			name = WZMKit_Example;
			productName = WZMKit;
			productReference = 6003F58A195388D20070C39A /* WZMKit_Example.app */;
			productType = "com.apple.product-type.application";
		};
		6003F5AD195388D20070C39A /* WZMKit_Tests */ = {
			isa = PBXNativeTarget;
			buildConfigurationList = 6003F5C2195388D20070C39A /* Build configuration list for PBXNativeTarget "WZMKit_Tests" */;
			buildPhases = (
				418E92D0BBEA2A9B0417D445 /* [CP] Check Pods Manifest.lock */,
				6003F5AA195388D20070C39A /* Sources */,
				6003F5AB195388D20070C39A /* Frameworks */,
				6003F5AC195388D20070C39A /* Resources */,
			);
			buildRules = (
			);
			dependencies = (
				6003F5B4195388D20070C39A /* PBXTargetDependency */,
			);
			name = WZMKit_Tests;
			productName = WZMKitTests;
			productReference = 6003F5AE195388D20070C39A /* WZMKit_Tests.xctest */;
			productType = "com.apple.product-type.bundle.unit-test";
		};
/* End PBXNativeTarget section */

/* Begin PBXProject section */
		6003F582195388D10070C39A /* Project object */ = {
			isa = PBXProject;
			attributes = {
				CLASSPREFIX = WZM;
				LastUpgradeCheck = 0720;
				ORGANIZATIONNAME = wangzhaomeng;
				TargetAttributes = {
					6003F589195388D20070C39A = {
						DevelopmentTeam = F66A99Y6V4;
					};
					6003F5AD195388D20070C39A = {
						TestTargetID = 6003F589195388D20070C39A;
					};
				};
			};
			buildConfigurationList = 6003F585195388D10070C39A /* Build configuration list for PBXProject "WZMKit" */;
			compatibilityVersion = "Xcode 3.2";
			developmentRegion = English;
			hasScannedForEncodings = 0;
			knownRegions = (
				English,
				en,
				Base,
			);
			mainGroup = 6003F581195388D10070C39A;
			productRefGroup = 6003F58B195388D20070C39A /* Products */;
			projectDirPath = "";
			projectRoot = "";
			targets = (
				6003F589195388D20070C39A /* WZMKit_Example */,
				6003F5AD195388D20070C39A /* WZMKit_Tests */,
			);
		};
/* End PBXProject section */

/* Begin PBXResourcesBuildPhase section */
		6003F588195388D20070C39A /* Resources */ = {
			isa = PBXResourcesBuildPhase;
			buildActionMask = 2147483647;
			files = (
				7582F7BB22E54EF000F1CCFB /* WZMEmojis.plist in Resources */,
				754A1E6222E16459005A0585 /* wzm_chat_voice.png in Resources */,
				7582F7BA22E54EF000F1CCFB /* WZMEmoticon1.plist in Resources */,
				6003F5A9195388D20070C39A /* Images.xcassets in Resources */,
				754A1E5F22E16459005A0585 /* wzm_chat_more.png in Resources */,
				754A1E6022E16459005A0585 /* wzm_chat_board.png in Resources */,
				7582F7BC22E54EF000F1CCFB /* WZMEmoticon.bundle in Resources */,
				754A1E6122E16459005A0585 /* wzm_chat_emotion.png in Resources */,
				6003F598195388D20070C39A /* InfoPlist.strings in Resources */,
				7582F7B922E54EF000F1CCFB /* WZMEmoticon2.plist in Resources */,
			);
			runOnlyForDeploymentPostprocessing = 0;
		};
		6003F5AC195388D20070C39A /* Resources */ = {
			isa = PBXResourcesBuildPhase;
			buildActionMask = 2147483647;
			files = (
				6003F5BA195388D20070C39A /* InfoPlist.strings in Resources */,
			);
			runOnlyForDeploymentPostprocessing = 0;
		};
/* End PBXResourcesBuildPhase section */

/* Begin PBXShellScriptBuildPhase section */
		2EB27DEDFB4629B8816A9340 /* [CP] Embed Pods Frameworks */ = {
			isa = PBXShellScriptBuildPhase;
			buildActionMask = 2147483647;
			files = (
			);
			inputPaths = (
				"${PODS_ROOT}/Target Support Files/Pods-WZMKit_Example/Pods-WZMKit_Example-frameworks.sh",
				"${BUILT_PRODUCTS_DIR}/WZMKit/WZMKit.framework",
			);
			name = "[CP] Embed Pods Frameworks";
			outputPaths = (
				"${TARGET_BUILD_DIR}/${FRAMEWORKS_FOLDER_PATH}/WZMKit.framework",
			);
			runOnlyForDeploymentPostprocessing = 0;
			shellPath = /bin/sh;
			shellScript = "\"${PODS_ROOT}/Target Support Files/Pods-WZMKit_Example/Pods-WZMKit_Example-frameworks.sh\"\n";
			showEnvVarsInLog = 0;
		};
		326881F6E29D5C0A9A694CD6 /* [CP] Check Pods Manifest.lock */ = {
			isa = PBXShellScriptBuildPhase;
			buildActionMask = 2147483647;
			files = (
			);
			inputFileListPaths = (
			);
			inputPaths = (
				"${PODS_PODFILE_DIR_PATH}/Podfile.lock",
				"${PODS_ROOT}/Manifest.lock",
			);
			name = "[CP] Check Pods Manifest.lock";
			outputFileListPaths = (
			);
			outputPaths = (
				"$(DERIVED_FILE_DIR)/Pods-WZMKit_Example-checkManifestLockResult.txt",
			);
			runOnlyForDeploymentPostprocessing = 0;
			shellPath = /bin/sh;
			shellScript = "diff \"${PODS_PODFILE_DIR_PATH}/Podfile.lock\" \"${PODS_ROOT}/Manifest.lock\" > /dev/null\nif [ $? != 0 ] ; then\n    # print error to STDERR\n    echo \"error: The sandbox is not in sync with the Podfile.lock. Run 'pod install' or update your CocoaPods installation.\" >&2\n    exit 1\nfi\n# This output is used by Xcode 'outputs' to avoid re-running this script phase.\necho \"SUCCESS\" > \"${SCRIPT_OUTPUT_FILE_0}\"\n";
			showEnvVarsInLog = 0;
		};
		418E92D0BBEA2A9B0417D445 /* [CP] Check Pods Manifest.lock */ = {
			isa = PBXShellScriptBuildPhase;
			buildActionMask = 2147483647;
			files = (
			);
			inputFileListPaths = (
			);
			inputPaths = (
				"${PODS_PODFILE_DIR_PATH}/Podfile.lock",
				"${PODS_ROOT}/Manifest.lock",
			);
			name = "[CP] Check Pods Manifest.lock";
			outputFileListPaths = (
			);
			outputPaths = (
				"$(DERIVED_FILE_DIR)/Pods-WZMKit_Tests-checkManifestLockResult.txt",
			);
			runOnlyForDeploymentPostprocessing = 0;
			shellPath = /bin/sh;
			shellScript = "diff \"${PODS_PODFILE_DIR_PATH}/Podfile.lock\" \"${PODS_ROOT}/Manifest.lock\" > /dev/null\nif [ $? != 0 ] ; then\n    # print error to STDERR\n    echo \"error: The sandbox is not in sync with the Podfile.lock. Run 'pod install' or update your CocoaPods installation.\" >&2\n    exit 1\nfi\n# This output is used by Xcode 'outputs' to avoid re-running this script phase.\necho \"SUCCESS\" > \"${SCRIPT_OUTPUT_FILE_0}\"\n";
			showEnvVarsInLog = 0;
		};
/* End PBXShellScriptBuildPhase section */

/* Begin PBXSourcesBuildPhase section */
		6003F586195388D20070C39A /* Sources */ = {
			isa = PBXSourcesBuildPhase;
			buildActionMask = 2147483647;
			files = (
				7582F7AF22E54EEA00F1CCFB /* WZMEmoticonCell.m in Sources */,
				7582F7AD22E54EEA00F1CCFB /* WZMHorizontalLayout.m in Sources */,
				7582F7AC22E54EEA00F1CCFB /* WZMEmoticonManager.m in Sources */,
				7558CBC322DF50D30043651C /* SecondViewController.m in Sources */,
				7582F7B322E54EEA00F1CCFB /* WZMEmojisKeyboard.m in Sources */,
				7582F7B022E54EEA00F1CCFB /* WZMBlankCell.m in Sources */,
				754A1E6522E17609005A0585 /* WZMInputView.m in Sources */,
				7582F7C322E54FFD00F1CCFB /* WZMInputHelper.m in Sources */,
				7558CBC622DF50E60043651C /* ThirdViewController.m in Sources */,
				7582F7C622E551C900F1CCFB /* ChatBase64.m in Sources */,
				7582F7C022E54F4100F1CCFB /* WZMChatMoreKeyboard.m in Sources */,
				7582F7B122E54EEA00F1CCFB /* WZMDeleteCell.m in Sources */,
				6003F59E195388D20070C39A /* WZMAppDelegate.m in Sources */,
				7582F7AE22E54EEA00F1CCFB /* WZMChatRecordAnimation.m in Sources */,
				754A1E5A22E1639B005A0585 /* WZMInputBtn.m in Sources */,
				6003F59A195388D20070C39A /* main.m in Sources */,
				7582F7CA22E556D100F1CCFB /* WZMInputToolView.m in Sources */,
				7582F7B222E54EEA00F1CCFB /* WZMEmojisCell.m in Sources */,
				754A1E5722E15290005A0585 /* WZMBaseInputView.m in Sources */,
				7558CBBE22DF4FB90043651C /* FirstViewController.m in Sources */,
			);
			runOnlyForDeploymentPostprocessing = 0;
		};
		6003F5AA195388D20070C39A /* Sources */ = {
			isa = PBXSourcesBuildPhase;
			buildActionMask = 2147483647;
			files = (
				6003F5BC195388D20070C39A /* Tests.m in Sources */,
			);
			runOnlyForDeploymentPostprocessing = 0;
		};
/* End PBXSourcesBuildPhase section */

/* Begin PBXTargetDependency section */
		6003F5B4195388D20070C39A /* PBXTargetDependency */ = {
			isa = PBXTargetDependency;
			target = 6003F589195388D20070C39A /* WZMKit_Example */;
			targetProxy = 6003F5B3195388D20070C39A /* PBXContainerItemProxy */;
		};
/* End PBXTargetDependency section */

/* Begin PBXVariantGroup section */
		6003F596195388D20070C39A /* InfoPlist.strings */ = {
			isa = PBXVariantGroup;
			children = (
				6003F597195388D20070C39A /* en */,
			);
			name = InfoPlist.strings;
			sourceTree = "<group>";
		};
		6003F5B8195388D20070C39A /* InfoPlist.strings */ = {
			isa = PBXVariantGroup;
			children = (
				6003F5B9195388D20070C39A /* en */,
			);
			name = InfoPlist.strings;
			sourceTree = "<group>";
		};
/* End PBXVariantGroup section */

/* Begin XCBuildConfiguration section */
		6003F5BD195388D20070C39A /* Debug */ = {
			isa = XCBuildConfiguration;
			buildSettings = {
				ALWAYS_SEARCH_USER_PATHS = NO;
				CLANG_CXX_LANGUAGE_STANDARD = "gnu++0x";
				CLANG_CXX_LIBRARY = "libc++";
				CLANG_ENABLE_MODULES = YES;
				CLANG_ENABLE_OBJC_ARC = YES;
				CLANG_WARN_BOOL_CONVERSION = YES;
				CLANG_WARN_CONSTANT_CONVERSION = YES;
				CLANG_WARN_DIRECT_OBJC_ISA_USAGE = YES_ERROR;
				CLANG_WARN_EMPTY_BODY = YES;
				CLANG_WARN_ENUM_CONVERSION = YES;
				CLANG_WARN_INT_CONVERSION = YES;
				CLANG_WARN_OBJC_ROOT_CLASS = YES_ERROR;
				CLANG_WARN__DUPLICATE_METHOD_MATCH = YES;
				"CODE_SIGN_IDENTITY[sdk=iphoneos*]" = "iPhone Developer";
				COPY_PHASE_STRIP = NO;
				ENABLE_TESTABILITY = YES;
				GCC_C_LANGUAGE_STANDARD = gnu99;
				GCC_DYNAMIC_NO_PIC = NO;
				GCC_OPTIMIZATION_LEVEL = 0;
				GCC_PREPROCESSOR_DEFINITIONS = (
					"DEBUG=1",
					"$(inherited)",
				);
				GCC_SYMBOLS_PRIVATE_EXTERN = NO;
				GCC_WARN_64_TO_32_BIT_CONVERSION = YES;
				GCC_WARN_ABOUT_RETURN_TYPE = YES_ERROR;
				GCC_WARN_UNDECLARED_SELECTOR = YES;
				GCC_WARN_UNINITIALIZED_AUTOS = YES_AGGRESSIVE;
				GCC_WARN_UNUSED_FUNCTION = YES;
				GCC_WARN_UNUSED_VARIABLE = YES;
				IPHONEOS_DEPLOYMENT_TARGET = 9.3;
				ONLY_ACTIVE_ARCH = YES;
				SDKROOT = iphoneos;
				TARGETED_DEVICE_FAMILY = "1,2";
			};
			name = Debug;
		};
		6003F5BE195388D20070C39A /* Release */ = {
			isa = XCBuildConfiguration;
			buildSettings = {
				ALWAYS_SEARCH_USER_PATHS = NO;
				CLANG_CXX_LANGUAGE_STANDARD = "gnu++0x";
				CLANG_CXX_LIBRARY = "libc++";
				CLANG_ENABLE_MODULES = YES;
				CLANG_ENABLE_OBJC_ARC = YES;
				CLANG_WARN_BOOL_CONVERSION = YES;
				CLANG_WARN_CONSTANT_CONVERSION = YES;
				CLANG_WARN_DIRECT_OBJC_ISA_USAGE = YES_ERROR;
				CLANG_WARN_EMPTY_BODY = YES;
				CLANG_WARN_ENUM_CONVERSION = YES;
				CLANG_WARN_INT_CONVERSION = YES;
				CLANG_WARN_OBJC_ROOT_CLASS = YES_ERROR;
				CLANG_WARN__DUPLICATE_METHOD_MATCH = YES;
				"CODE_SIGN_IDENTITY[sdk=iphoneos*]" = "iPhone Developer";
				COPY_PHASE_STRIP = YES;
				ENABLE_NS_ASSERTIONS = NO;
				GCC_C_LANGUAGE_STANDARD = gnu99;
				GCC_WARN_64_TO_32_BIT_CONVERSION = YES;
				GCC_WARN_ABOUT_RETURN_TYPE = YES_ERROR;
				GCC_WARN_UNDECLARED_SELECTOR = YES;
				GCC_WARN_UNINITIALIZED_AUTOS = YES_AGGRESSIVE;
				GCC_WARN_UNUSED_FUNCTION = YES;
				GCC_WARN_UNUSED_VARIABLE = YES;
				IPHONEOS_DEPLOYMENT_TARGET = 9.3;
				SDKROOT = iphoneos;
				TARGETED_DEVICE_FAMILY = "1,2";
				VALIDATE_PRODUCT = YES;
			};
			name = Release;
		};
		6003F5C0195388D20070C39A /* Debug */ = {
			isa = XCBuildConfiguration;
			baseConfigurationReference = 769C666531D3E3F78F06E262 /* Pods-WZMKit_Example.debug.xcconfig */;
			buildSettings = {
				ASSETCATALOG_COMPILER_APPICON_NAME = AppIcon;
				ASSETCATALOG_COMPILER_LAUNCHIMAGE_NAME = LaunchImage;
				DEVELOPMENT_TEAM = F66A99Y6V4;
				GCC_PRECOMPILE_PREFIX_HEADER = YES;
				GCC_PREFIX_HEADER = "WZMKit/WZMKit-Prefix.pch";
				INFOPLIST_FILE = "WZMKit/WZMKit-Info.plist";
				IPHONEOS_DEPLOYMENT_TARGET = 8.0;
				MODULE_NAME = ExampleApp;
				PRODUCT_BUNDLE_IDENTIFIER = "org.cocoapods.demo.${PRODUCT_NAME:rfc1034identifier}";
				PRODUCT_NAME = "$(TARGET_NAME)";
				SWIFT_VERSION = 4.0;
				TARGETED_DEVICE_FAMILY = 1;
				WARNING_CFLAGS = "";
				WRAPPER_EXTENSION = app;
			};
			name = Debug;
		};
		6003F5C1195388D20070C39A /* Release */ = {
			isa = XCBuildConfiguration;
			baseConfigurationReference = D485FA748EDD144AD72A7367 /* Pods-WZMKit_Example.release.xcconfig */;
			buildSettings = {
				ASSETCATALOG_COMPILER_APPICON_NAME = AppIcon;
				ASSETCATALOG_COMPILER_LAUNCHIMAGE_NAME = LaunchImage;
				DEVELOPMENT_TEAM = F66A99Y6V4;
				GCC_PRECOMPILE_PREFIX_HEADER = YES;
				GCC_PREFIX_HEADER = "WZMKit/WZMKit-Prefix.pch";
				INFOPLIST_FILE = "WZMKit/WZMKit-Info.plist";
				IPHONEOS_DEPLOYMENT_TARGET = 8.0;
				MODULE_NAME = ExampleApp;
				PRODUCT_BUNDLE_IDENTIFIER = "org.cocoapods.demo.${PRODUCT_NAME:rfc1034identifier}";
				PRODUCT_NAME = "$(TARGET_NAME)";
				SWIFT_VERSION = 4.0;
				TARGETED_DEVICE_FAMILY = 1;
				WARNING_CFLAGS = "";
				WRAPPER_EXTENSION = app;
			};
			name = Release;
		};
		6003F5C3195388D20070C39A /* Debug */ = {
			isa = XCBuildConfiguration;
			baseConfigurationReference = 1D90B6D8FF498486DC003509 /* Pods-WZMKit_Tests.debug.xcconfig */;
			buildSettings = {
				BUNDLE_LOADER = "$(TEST_HOST)";
				FRAMEWORK_SEARCH_PATHS = (
					"$(PLATFORM_DIR)/Developer/Library/Frameworks",
					"$(inherited)",
					"$(DEVELOPER_FRAMEWORKS_DIR)",
				);
				GCC_PRECOMPILE_PREFIX_HEADER = YES;
				GCC_PREFIX_HEADER = "Tests/Tests-Prefix.pch";
				GCC_PREPROCESSOR_DEFINITIONS = (
					"DEBUG=1",
					"$(inherited)",
				);
				INFOPLIST_FILE = "Tests/Tests-Info.plist";
				PRODUCT_BUNDLE_IDENTIFIER = "org.cocoapods.demo.${PRODUCT_NAME:rfc1034identifier}";
				PRODUCT_NAME = "$(TARGET_NAME)";
				SWIFT_VERSION = 4.0;
				TEST_HOST = "$(BUILT_PRODUCTS_DIR)/WZMKit_Example.app/WZMKit_Example";
				WRAPPER_EXTENSION = xctest;
			};
			name = Debug;
		};
		6003F5C4195388D20070C39A /* Release */ = {
			isa = XCBuildConfiguration;
			baseConfigurationReference = 5A2BDFC8FAFC20C0EF7D5AF8 /* Pods-WZMKit_Tests.release.xcconfig */;
			buildSettings = {
				BUNDLE_LOADER = "$(TEST_HOST)";
				FRAMEWORK_SEARCH_PATHS = (
					"$(PLATFORM_DIR)/Developer/Library/Frameworks",
					"$(inherited)",
					"$(DEVELOPER_FRAMEWORKS_DIR)",
				);
				GCC_PRECOMPILE_PREFIX_HEADER = YES;
				GCC_PREFIX_HEADER = "Tests/Tests-Prefix.pch";
				INFOPLIST_FILE = "Tests/Tests-Info.plist";
				PRODUCT_BUNDLE_IDENTIFIER = "org.cocoapods.demo.${PRODUCT_NAME:rfc1034identifier}";
				PRODUCT_NAME = "$(TARGET_NAME)";
				SWIFT_VERSION = 4.0;
				TEST_HOST = "$(BUILT_PRODUCTS_DIR)/WZMKit_Example.app/WZMKit_Example";
				WRAPPER_EXTENSION = xctest;
			};
			name = Release;
		};
/* End XCBuildConfiguration section */

/* Begin XCConfigurationList section */
		6003F585195388D10070C39A /* Build configuration list for PBXProject "WZMKit" */ = {
			isa = XCConfigurationList;
			buildConfigurations = (
				6003F5BD195388D20070C39A /* Debug */,
				6003F5BE195388D20070C39A /* Release */,
			);
			defaultConfigurationIsVisible = 0;
			defaultConfigurationName = Release;
		};
		6003F5BF195388D20070C39A /* Build configuration list for PBXNativeTarget "WZMKit_Example" */ = {
			isa = XCConfigurationList;
			buildConfigurations = (
				6003F5C0195388D20070C39A /* Debug */,
				6003F5C1195388D20070C39A /* Release */,
			);
			defaultConfigurationIsVisible = 0;
			defaultConfigurationName = Release;
		};
		6003F5C2195388D20070C39A /* Build configuration list for PBXNativeTarget "WZMKit_Tests" */ = {
			isa = XCConfigurationList;
			buildConfigurations = (
				6003F5C3195388D20070C39A /* Debug */,
				6003F5C4195388D20070C39A /* Release */,
			);
			defaultConfigurationIsVisible = 0;
			defaultConfigurationName = Release;
		};
/* End XCConfigurationList section */
	};
	rootObject = 6003F582195388D10070C39A /* Project object */;
}
