// !$*UTF8*$!
{
	archiveVersion = 1;
	classes = {
	};
	objectVersion = 46;
	objects = {

/* Begin PBXBuildFile section */
		6003F58E195388D20070C39A /* Foundation.framework in Frameworks */ = {isa = PBXBuildFile; fileRef = 6003F58D195388D20070C39A /* Foundation.framework */; };
		6003F590195388D20070C39A /* CoreGraphics.framework in Frameworks */ = {isa = PBXBuildFile; fileRef = 6003F58F195388D20070C39A /* CoreGraphics.framework */; };
		6003F592195388D20070C39A /* UIKit.framework in Frameworks */ = {isa = PBXBuildFile; fileRef = 6003F591195388D20070C39A /* UIKit.framework */; };
		6003F598195388D20070C39A /* InfoPlist.strings in Resources */ = {isa = PBXBuildFile; fileRef = 6003F596195388D20070C39A /* InfoPlist.strings */; };
		6003F59A195388D20070C39A /* main.m in Sources */ = {isa = PBXBuildFile; fileRef = 6003F599195388D20070C39A /* main.m */; };
		6003F59E195388D20070C39A /* WZMAppDelegate.m in Sources */ = {isa = PBXBuildFile; fileRef = 6003F59D195388D20070C39A /* WZMAppDelegate.m */; };
		6003F5A9195388D20070C39A /* Images.xcassets in Resources */ = {isa = PBXBuildFile; fileRef = 6003F5A8195388D20070C39A /* Images.xcassets */; };
		6003F5B1195388D20070C39A /* Foundation.framework in Frameworks */ = {isa = PBXBuildFile; fileRef = 6003F58D195388D20070C39A /* Foundation.framework */; };
		6003F5B2195388D20070C39A /* UIKit.framework in Frameworks */ = {isa = PBXBuildFile; fileRef = 6003F591195388D20070C39A /* UIKit.framework */; };
		6003F5BA195388D20070C39A /* InfoPlist.strings in Resources */ = {isa = PBXBuildFile; fileRef = 6003F5B8195388D20070C39A /* InfoPlist.strings */; };
		6003F5BC195388D20070C39A /* Tests.m in Sources */ = {isa = PBXBuildFile; fileRef = 6003F5BB195388D20070C39A /* Tests.m */; };
		640A45E4253944E700F4AA19 /* WZMTableViewCell.m in Sources */ = {isa = PBXBuildFile; fileRef = 640A45E3253944E700F4AA19 /* WZMTableViewCell.m */; };
		640A45EB253944F400F4AA19 /* WZMCollectionViewCell.m in Sources */ = {isa = PBXBuildFile; fileRef = 640A45EA253944F400F4AA19 /* WZMCollectionViewCell.m */; };
		6425D28125E38EA6000308DC /* WTRotateView.m in Sources */ = {isa = PBXBuildFile; fileRef = 6425D28025E38EA5000308DC /* WTRotateView.m */; };
		6425D28925E3B259000308DC /* WZMImageDrawView.m in Sources */ = {isa = PBXBuildFile; fileRef = 6425D28825E3B259000308DC /* WZMImageDrawView.m */; };
		646A10B5247E643200F96689 /* WZMSegmentedViewController.m in Sources */ = {isa = PBXBuildFile; fileRef = 646A10B4247E643200F96689 /* WZMSegmentedViewController.m */; };
		646A10B8247E6EF900F96689 /* WZMBaseTableView.m in Sources */ = {isa = PBXBuildFile; fileRef = 646A10B7247E6EF900F96689 /* WZMBaseTableView.m */; };
		646A10BC247F49BF00F96689 /* WZMSubViewController.m in Sources */ = {isa = PBXBuildFile; fileRef = 646A10BB247F49BF00F96689 /* WZMSubViewController.m */; };
		646A10BF247F58B900F96689 /* WZMBaseCollectionView.m in Sources */ = {isa = PBXBuildFile; fileRef = 646A10BE247F58B900F96689 /* WZMBaseCollectionView.m */; };
		646F21AF24064BE500B49DB1 /* WXxiari.ttf in Resources */ = {isa = PBXBuildFile; fileRef = 646F21AE24064BE500B49DB1 /* WXxiari.ttf */; };
		6486E46023D8451600D777D7 /* WZMRechargeWebController.m in Sources */ = {isa = PBXBuildFile; fileRef = 6486E45C23D8451600D777D7 /* WZMRechargeWebController.m */; };
		6486E46123D8451600D777D7 /* WZMRechargeModel.m in Sources */ = {isa = PBXBuildFile; fileRef = 6486E45D23D8451600D777D7 /* WZMRechargeModel.m */; };
		649C2C5224581F1D00FF7635 /* StoreKit.framework in Frameworks */ = {isa = PBXBuildFile; fileRef = 649C2C5124581F1D00FF7635 /* StoreKit.framework */; };
		64A8575125C267A1006D5CB0 /* WZMPhotoDuibiViewController.m in Sources */ = {isa = PBXBuildFile; fileRef = 64A8575025C267A1006D5CB0 /* WZMPhotoDuibiViewController.m */; };
		64A8575825C26A97006D5CB0 /* photo_add.png in Resources */ = {isa = PBXBuildFile; fileRef = 64A8575725C26A97006D5CB0 /* photo_add.png */; };
		64B44656255A3E7A0025BBEF /* LaunchScreen.storyboard in Resources */ = {isa = PBXBuildFile; fileRef = 64B44655255A3E7A0025BBEF /* LaunchScreen.storyboard */; };
		64C03D9A246AC795003EBE79 /* wzm_reload_black.png in Resources */ = {isa = PBXBuildFile; fileRef = 64C03D99246AC795003EBE79 /* wzm_reload_black.png */; };
		64E84A37246CD967008958FF /* wzm_back_white.png in Resources */ = {isa = PBXBuildFile; fileRef = 64E84A35246CD967008958FF /* wzm_back_white.png */; };
		64E84A38246CD967008958FF /* wzm_back_black.png in Resources */ = {isa = PBXBuildFile; fileRef = 64E84A36246CD967008958FF /* wzm_back_black.png */; };
		64E84A3A246CE199008958FF /* wzm_reload_white.png in Resources */ = {isa = PBXBuildFile; fileRef = 64E84A39246CE199008958FF /* wzm_reload_white.png */; };
		64EA8AC0256CDA09007EC7C3 /* WZMTransGifViewController.m in Sources */ = {isa = PBXBuildFile; fileRef = 64EA8ABF256CDA09007EC7C3 /* WZMTransGifViewController.m */; };
		64EA8AC9256CDA4C007EC7C3 /* WZMGifListCell.m in Sources */ = {isa = PBXBuildFile; fileRef = 64EA8AC7256CDA4C007EC7C3 /* WZMGifListCell.m */; };
		64EA8ACA256CDA4C007EC7C3 /* WZMGifListView.m in Sources */ = {isa = PBXBuildFile; fileRef = 64EA8AC8256CDA4C007EC7C3 /* WZMGifListView.m */; };
		64EA8B1D256CE618007EC7C3 /* WZMGifHelper.m in Sources */ = {isa = PBXBuildFile; fileRef = 64EA8B1C256CE618007EC7C3 /* WZMGifHelper.m */; };
		7558CBBE22DF4FB90043651C /* FirstViewController.m in Sources */ = {isa = PBXBuildFile; fileRef = 7558CBB922DF4FB80043651C /* FirstViewController.m */; };
		7558CBC322DF50D30043651C /* SecondViewController.m in Sources */ = {isa = PBXBuildFile; fileRef = 7558CBC222DF50D30043651C /* SecondViewController.m */; };
		7558CBC622DF50E60043651C /* ThirdViewController.m in Sources */ = {isa = PBXBuildFile; fileRef = 7558CBC522DF50E60043651C /* ThirdViewController.m */; };
		75D1ADA923191C5900C01BA1 /* xmhzma.MP4 in Resources */ = {isa = PBXBuildFile; fileRef = 75D1ADA823191C5800C01BA1 /* xmhzma.MP4 */; };
		75D1ADAB2319208300C01BA1 /* jingcai.gif in Resources */ = {isa = PBXBuildFile; fileRef = 75D1ADAA2319208300C01BA1 /* jingcai.gif */; };
		75DA9E1B230E924A0000A955 /* UIImage+WZMCustomImage.m in Sources */ = {isa = PBXBuildFile; fileRef = 75DA9DB3230E924A0000A955 /* UIImage+WZMCustomImage.m */; };
		75DA9E1D230E924A0000A955 /* WZMTextStorage.m in Sources */ = {isa = PBXBuildFile; fileRef = 75DA9DBA230E924A0000A955 /* WZMTextStorage.m */; };
		75DA9E1E230E924A0000A955 /* WZMAttributeTextView.m in Sources */ = {isa = PBXBuildFile; fileRef = 75DA9DBB230E924A0000A955 /* WZMAttributeTextView.m */; };
		75DA9E20230E924A0000A955 /* WZMIAPManager.m in Sources */ = {isa = PBXBuildFile; fileRef = 75DA9DC1230E924A0000A955 /* WZMIAPManager.m */; };
		75DA9E21230E924A0000A955 /* WZMCrashManager.m in Sources */ = {isa = PBXBuildFile; fileRef = 75DA9DC4230E924A0000A955 /* WZMCrashManager.m */; };
		75DA9E22230E924A0000A955 /* WZMProviderDataCache.m in Sources */ = {isa = PBXBuildFile; fileRef = 75DA9DC9230E924A0000A955 /* WZMProviderDataCache.m */; };
		75DA9E23230E924A0000A955 /* WZMURLResponse.m in Sources */ = {isa = PBXBuildFile; fileRef = 75DA9DCB230E924A0000A955 /* WZMURLResponse.m */; };
		75DA9E24230E924A0000A955 /* WZMBaseDataProvider.m in Sources */ = {isa = PBXBuildFile; fileRef = 75DA9DCC230E924A0000A955 /* WZMBaseDataProvider.m */; };
		75DA9E25230E924A0000A955 /* WZMBaseViewController.m in Sources */ = {isa = PBXBuildFile; fileRef = 75DA9DCF230E924A0000A955 /* WZMBaseViewController.m */; };
		75DA9E26230E924A0000A955 /* WZMPullListViewController.m in Sources */ = {isa = PBXBuildFile; fileRef = 75DA9DD0230E924A0000A955 /* WZMPullListViewController.m */; };
		75DA9E27230E924A0000A955 /* WZMBaseModel.m in Sources */ = {isa = PBXBuildFile; fileRef = 75DA9DD5230E924A0000A955 /* WZMBaseModel.m */; };
		75DA9E28230E924A0000A955 /* WZMNavigationController.m in Sources */ = {isa = PBXBuildFile; fileRef = 75DA9DDA230E924A0000A955 /* WZMNavigationController.m */; };
		75DA9E29230E924A0000A955 /* UINavigationController+wzmnav.m in Sources */ = {isa = PBXBuildFile; fileRef = 75DA9DDB230E924A0000A955 /* UINavigationController+wzmnav.m */; };
		75DA9E2A230E924A0000A955 /* WZMScreenShotView.m in Sources */ = {isa = PBXBuildFile; fileRef = 75DA9DDD230E924A0000A955 /* WZMScreenShotView.m */; };
		75DA9E2B230E924A0000A955 /* WKWebView+WZMWebViewController.m in Sources */ = {isa = PBXBuildFile; fileRef = 75DA9DE5230E924A0000A955 /* WKWebView+WZMWebViewController.m */; };
		75DA9E2D230E924A0000A955 /* WZMWebHelper.m in Sources */ = {isa = PBXBuildFile; fileRef = 75DA9DEA230E924A0000A955 /* WZMWebHelper.m */; };
		75DA9E2E230E924A0000A955 /* WZMTest.css in Resources */ = {isa = PBXBuildFile; fileRef = 75DA9DEC230E924A0000A955 /* WZMTest.css */; };
		75DA9E2F230E924A0000A955 /* WZMTest.js in Resources */ = {isa = PBXBuildFile; fileRef = 75DA9DED230E924A0000A955 /* WZMTest.js */; };
		75DA9E30230E924A0000A955 /* WZMTest.png in Resources */ = {isa = PBXBuildFile; fileRef = 75DA9DEE230E924A0000A955 /* WZMTest.png */; };
		75DA9E31230E924A0000A955 /* WZMTest.html in Resources */ = {isa = PBXBuildFile; fileRef = 75DA9DEF230E924A0000A955 /* WZMTest.html */; };
		75DA9E32230E924A0000A955 /* WZMWebViewController.m in Sources */ = {isa = PBXBuildFile; fileRef = 75DA9DF0230E924A0000A955 /* WZMWebViewController.m */; };
		75DA9E33230E924A0000A955 /* WZMUserContentController.m in Sources */ = {isa = PBXBuildFile; fileRef = 75DA9DF2230E924A0000A955 /* WZMUserContentController.m */; };
		75DA9E34230E924A0000A955 /* WZMWebProgressLayer.m in Sources */ = {isa = PBXBuildFile; fileRef = 75DA9DF6230E924A0000A955 /* WZMWebProgressLayer.m */; };
		75DA9E35230E924A0000A955 /* WZMTabBarController.m in Sources */ = {isa = PBXBuildFile; fileRef = 75DA9DF8230E924A0000A955 /* WZMTabBarController.m */; };
		75DA9E4F230E9BBD0000A955 /* WZMNewsDataProvider.m in Sources */ = {isa = PBXBuildFile; fileRef = 75DA9E4B230E9BBC0000A955 /* WZMNewsDataProvider.m */; };
		75DA9E50230E9BBD0000A955 /* WZMNewsModel.m in Sources */ = {isa = PBXBuildFile; fileRef = 75DA9E4E230E9BBC0000A955 /* WZMNewsModel.m */; };
		8FFC752582DB5F52B13C7854 /* Pods_WZMKit_Example.framework in Frameworks */ = {isa = PBXBuildFile; fileRef = 7AB222FE9757B76DF99B833A /* Pods_WZMKit_Example.framework */; };
		DE012CDCE7AE8D032B2B7FB0 /* Pods_WZMKit_Tests.framework in Frameworks */ = {isa = PBXBuildFile; fileRef = 9C63DD93959D398BDB5C6D81 /* Pods_WZMKit_Tests.framework */; };
/* End PBXBuildFile section */

/* Begin PBXContainerItemProxy section */
		6003F5B3195388D20070C39A /* PBXContainerItemProxy */ = {
			isa = PBXContainerItemProxy;
			containerPortal = 6003F582195388D10070C39A /* Project object */;
			proxyType = 1;
			remoteGlobalIDString = 6003F589195388D20070C39A;
			remoteInfo = WZMKit;
		};
/* End PBXContainerItemProxy section */

/* Begin PBXFileReference section */
		0EE2092771CDE724AD1E5C17 /* LICENSE */ = {isa = PBXFileReference; includeInIndex = 1; lastKnownFileType = text; name = LICENSE; path = ../LICENSE; sourceTree = "<group>"; };
		1D90B6D8FF498486DC003509 /* Pods-WZMKit_Tests.debug.xcconfig */ = {isa = PBXFileReference; includeInIndex = 1; lastKnownFileType = text.xcconfig; name = "Pods-WZMKit_Tests.debug.xcconfig"; path = "Target Support Files/Pods-WZMKit_Tests/Pods-WZMKit_Tests.debug.xcconfig"; sourceTree = "<group>"; };
		5A2BDFC8FAFC20C0EF7D5AF8 /* Pods-WZMKit_Tests.release.xcconfig */ = {isa = PBXFileReference; includeInIndex = 1; lastKnownFileType = text.xcconfig; name = "Pods-WZMKit_Tests.release.xcconfig"; path = "Target Support Files/Pods-WZMKit_Tests/Pods-WZMKit_Tests.release.xcconfig"; sourceTree = "<group>"; };
		6003F58A195388D20070C39A /* WZMKit_Example.app */ = {isa = PBXFileReference; explicitFileType = wrapper.application; includeInIndex = 0; path = WZMKit_Example.app; sourceTree = BUILT_PRODUCTS_DIR; };
		6003F58D195388D20070C39A /* Foundation.framework */ = {isa = PBXFileReference; lastKnownFileType = wrapper.framework; name = Foundation.framework; path = System/Library/Frameworks/Foundation.framework; sourceTree = SDKROOT; };
		6003F58F195388D20070C39A /* CoreGraphics.framework */ = {isa = PBXFileReference; lastKnownFileType = wrapper.framework; name = CoreGraphics.framework; path = System/Library/Frameworks/CoreGraphics.framework; sourceTree = SDKROOT; };
		6003F591195388D20070C39A /* UIKit.framework */ = {isa = PBXFileReference; lastKnownFileType = wrapper.framework; name = UIKit.framework; path = System/Library/Frameworks/UIKit.framework; sourceTree = SDKROOT; };
		6003F595195388D20070C39A /* WZMKit-Info.plist */ = {isa = PBXFileReference; lastKnownFileType = text.plist.xml; path = "WZMKit-Info.plist"; sourceTree = "<group>"; };
		6003F597195388D20070C39A /* en */ = {isa = PBXFileReference; lastKnownFileType = text.plist.strings; name = en; path = en.lproj/InfoPlist.strings; sourceTree = "<group>"; };
		6003F599195388D20070C39A /* main.m */ = {isa = PBXFileReference; lastKnownFileType = sourcecode.c.objc; path = main.m; sourceTree = "<group>"; };
		6003F59B195388D20070C39A /* WZMKit-Prefix.pch */ = {isa = PBXFileReference; lastKnownFileType = sourcecode.c.h; path = "WZMKit-Prefix.pch"; sourceTree = "<group>"; };
		6003F59C195388D20070C39A /* WZMAppDelegate.h */ = {isa = PBXFileReference; lastKnownFileType = sourcecode.c.h; path = WZMAppDelegate.h; sourceTree = "<group>"; };
		6003F59D195388D20070C39A /* WZMAppDelegate.m */ = {isa = PBXFileReference; lastKnownFileType = sourcecode.c.objc; path = WZMAppDelegate.m; sourceTree = "<group>"; };
		6003F5A8195388D20070C39A /* Images.xcassets */ = {isa = PBXFileReference; lastKnownFileType = folder.assetcatalog; path = Images.xcassets; sourceTree = "<group>"; };
		6003F5AE195388D20070C39A /* WZMKit_Tests.xctest */ = {isa = PBXFileReference; explicitFileType = wrapper.cfbundle; includeInIndex = 0; path = WZMKit_Tests.xctest; sourceTree = BUILT_PRODUCTS_DIR; };
		6003F5B7195388D20070C39A /* Tests-Info.plist */ = {isa = PBXFileReference; lastKnownFileType = text.plist.xml; path = "Tests-Info.plist"; sourceTree = "<group>"; };
		6003F5B9195388D20070C39A /* en */ = {isa = PBXFileReference; lastKnownFileType = text.plist.strings; name = en; path = en.lproj/InfoPlist.strings; sourceTree = "<group>"; };
		6003F5BB195388D20070C39A /* Tests.m */ = {isa = PBXFileReference; lastKnownFileType = sourcecode.c.objc; path = Tests.m; sourceTree = "<group>"; };
		606FC2411953D9B200FFA9A0 /* Tests-Prefix.pch */ = {isa = PBXFileReference; lastKnownFileType = sourcecode.c.h; path = "Tests-Prefix.pch"; sourceTree = "<group>"; };
		640A45E2253944E700F4AA19 /* WZMTableViewCell.h */ = {isa = PBXFileReference; lastKnownFileType = sourcecode.c.h; path = WZMTableViewCell.h; sourceTree = "<group>"; };
		640A45E3253944E700F4AA19 /* WZMTableViewCell.m */ = {isa = PBXFileReference; lastKnownFileType = sourcecode.c.objc; path = WZMTableViewCell.m; sourceTree = "<group>"; };
		640A45E9253944F400F4AA19 /* WZMCollectionViewCell.h */ = {isa = PBXFileReference; lastKnownFileType = sourcecode.c.h; path = WZMCollectionViewCell.h; sourceTree = "<group>"; };
		640A45EA253944F400F4AA19 /* WZMCollectionViewCell.m */ = {isa = PBXFileReference; lastKnownFileType = sourcecode.c.objc; path = WZMCollectionViewCell.m; sourceTree = "<group>"; };
		6425D27F25E38EA5000308DC /* WTRotateView.h */ = {isa = PBXFileReference; fileEncoding = 4; lastKnownFileType = sourcecode.c.h; path = WTRotateView.h; sourceTree = "<group>"; };
		6425D28025E38EA5000308DC /* WTRotateView.m */ = {isa = PBXFileReference; fileEncoding = 4; lastKnownFileType = sourcecode.c.objc; path = WTRotateView.m; sourceTree = "<group>"; };
		6425D28725E3B259000308DC /* WZMImageDrawView.h */ = {isa = PBXFileReference; lastKnownFileType = sourcecode.c.h; path = WZMImageDrawView.h; sourceTree = "<group>"; };
		6425D28825E3B259000308DC /* WZMImageDrawView.m */ = {isa = PBXFileReference; lastKnownFileType = sourcecode.c.objc; path = WZMImageDrawView.m; sourceTree = "<group>"; };
		646A10B3247E643200F96689 /* WZMSegmentedViewController.h */ = {isa = PBXFileReference; lastKnownFileType = sourcecode.c.h; path = WZMSegmentedViewController.h; sourceTree = "<group>"; };
		646A10B4247E643200F96689 /* WZMSegmentedViewController.m */ = {isa = PBXFileReference; lastKnownFileType = sourcecode.c.objc; path = WZMSegmentedViewController.m; sourceTree = "<group>"; };
		646A10B6247E6EF900F96689 /* WZMBaseTableView.h */ = {isa = PBXFileReference; lastKnownFileType = sourcecode.c.h; path = WZMBaseTableView.h; sourceTree = "<group>"; };
		646A10B7247E6EF900F96689 /* WZMBaseTableView.m */ = {isa = PBXFileReference; lastKnownFileType = sourcecode.c.objc; path = WZMBaseTableView.m; sourceTree = "<group>"; };
		646A10BA247F49BF00F96689 /* WZMSubViewController.h */ = {isa = PBXFileReference; lastKnownFileType = sourcecode.c.h; path = WZMSubViewController.h; sourceTree = "<group>"; };
		646A10BB247F49BF00F96689 /* WZMSubViewController.m */ = {isa = PBXFileReference; lastKnownFileType = sourcecode.c.objc; path = WZMSubViewController.m; sourceTree = "<group>"; };
		646A10BD247F58B900F96689 /* WZMBaseCollectionView.h */ = {isa = PBXFileReference; lastKnownFileType = sourcecode.c.h; path = WZMBaseCollectionView.h; sourceTree = "<group>"; };
		646A10BE247F58B900F96689 /* WZMBaseCollectionView.m */ = {isa = PBXFileReference; lastKnownFileType = sourcecode.c.objc; path = WZMBaseCollectionView.m; sourceTree = "<group>"; };
		646F21AE24064BE500B49DB1 /* WXxiari.ttf */ = {isa = PBXFileReference; lastKnownFileType = file; path = WXxiari.ttf; sourceTree = "<group>"; };
		6486E45C23D8451600D777D7 /* WZMRechargeWebController.m */ = {isa = PBXFileReference; fileEncoding = 4; lastKnownFileType = sourcecode.c.objc; path = WZMRechargeWebController.m; sourceTree = "<group>"; };
		6486E45D23D8451600D777D7 /* WZMRechargeModel.m */ = {isa = PBXFileReference; fileEncoding = 4; lastKnownFileType = sourcecode.c.objc; path = WZMRechargeModel.m; sourceTree = "<group>"; };
		6486E45E23D8451600D777D7 /* WZMRechargeWebController.h */ = {isa = PBXFileReference; fileEncoding = 4; lastKnownFileType = sourcecode.c.h; path = WZMRechargeWebController.h; sourceTree = "<group>"; };
		6486E45F23D8451600D777D7 /* WZMRechargeModel.h */ = {isa = PBXFileReference; fileEncoding = 4; lastKnownFileType = sourcecode.c.h; path = WZMRechargeModel.h; sourceTree = "<group>"; };
		649C2C5124581F1D00FF7635 /* StoreKit.framework */ = {isa = PBXFileReference; lastKnownFileType = wrapper.framework; name = StoreKit.framework; path = System/Library/Frameworks/StoreKit.framework; sourceTree = SDKROOT; };
		64A8574F25C267A1006D5CB0 /* WZMPhotoDuibiViewController.h */ = {isa = PBXFileReference; lastKnownFileType = sourcecode.c.h; path = WZMPhotoDuibiViewController.h; sourceTree = "<group>"; };
		64A8575025C267A1006D5CB0 /* WZMPhotoDuibiViewController.m */ = {isa = PBXFileReference; lastKnownFileType = sourcecode.c.objc; path = WZMPhotoDuibiViewController.m; sourceTree = "<group>"; };
		64A8575725C26A97006D5CB0 /* photo_add.png */ = {isa = PBXFileReference; lastKnownFileType = image.png; path = photo_add.png; sourceTree = "<group>"; };
		64B44655255A3E7A0025BBEF /* LaunchScreen.storyboard */ = {isa = PBXFileReference; lastKnownFileType = file.storyboard; path = LaunchScreen.storyboard; sourceTree = "<group>"; };
		64C03D99246AC795003EBE79 /* wzm_reload_black.png */ = {isa = PBXFileReference; lastKnownFileType = image.png; path = wzm_reload_black.png; sourceTree = "<group>"; };
		64E84A35246CD967008958FF /* wzm_back_white.png */ = {isa = PBXFileReference; lastKnownFileType = image.png; path = wzm_back_white.png; sourceTree = "<group>"; };
		64E84A36246CD967008958FF /* wzm_back_black.png */ = {isa = PBXFileReference; lastKnownFileType = image.png; path = wzm_back_black.png; sourceTree = "<group>"; };
		64E84A39246CE199008958FF /* wzm_reload_white.png */ = {isa = PBXFileReference; lastKnownFileType = image.png; path = wzm_reload_white.png; sourceTree = "<group>"; };
		64EA8ABE256CDA09007EC7C3 /* WZMTransGifViewController.h */ = {isa = PBXFileReference; lastKnownFileType = sourcecode.c.h; path = WZMTransGifViewController.h; sourceTree = "<group>"; };
		64EA8ABF256CDA09007EC7C3 /* WZMTransGifViewController.m */ = {isa = PBXFileReference; lastKnownFileType = sourcecode.c.objc; path = WZMTransGifViewController.m; sourceTree = "<group>"; };
		64EA8AC4256CDA4C007EC7C3 /* WZMGifListView.h */ = {isa = PBXFileReference; fileEncoding = 4; lastKnownFileType = sourcecode.c.h; path = WZMGifListView.h; sourceTree = "<group>"; };
		64EA8AC6256CDA4C007EC7C3 /* WZMGifListCell.h */ = {isa = PBXFileReference; fileEncoding = 4; lastKnownFileType = sourcecode.c.h; path = WZMGifListCell.h; sourceTree = "<group>"; };
		64EA8AC7256CDA4C007EC7C3 /* WZMGifListCell.m */ = {isa = PBXFileReference; fileEncoding = 4; lastKnownFileType = sourcecode.c.objc; path = WZMGifListCell.m; sourceTree = "<group>"; };
		64EA8AC8256CDA4C007EC7C3 /* WZMGifListView.m */ = {isa = PBXFileReference; fileEncoding = 4; lastKnownFileType = sourcecode.c.objc; path = WZMGifListView.m; sourceTree = "<group>"; };
		64EA8B1B256CE618007EC7C3 /* WZMGifHelper.h */ = {isa = PBXFileReference; lastKnownFileType = sourcecode.c.h; path = WZMGifHelper.h; sourceTree = "<group>"; };
		64EA8B1C256CE618007EC7C3 /* WZMGifHelper.m */ = {isa = PBXFileReference; lastKnownFileType = sourcecode.c.objc; path = WZMGifHelper.m; sourceTree = "<group>"; };
		7558CBB922DF4FB80043651C /* FirstViewController.m */ = {isa = PBXFileReference; fileEncoding = 4; lastKnownFileType = sourcecode.c.objc; path = FirstViewController.m; sourceTree = "<group>"; };
		7558CBBA22DF4FB80043651C /* FirstViewController.h */ = {isa = PBXFileReference; fileEncoding = 4; lastKnownFileType = sourcecode.c.h; path = FirstViewController.h; sourceTree = "<group>"; };
		7558CBC122DF50D30043651C /* SecondViewController.h */ = {isa = PBXFileReference; lastKnownFileType = sourcecode.c.h; path = SecondViewController.h; sourceTree = "<group>"; };
		7558CBC222DF50D30043651C /* SecondViewController.m */ = {isa = PBXFileReference; lastKnownFileType = sourcecode.c.objc; path = SecondViewController.m; sourceTree = "<group>"; };
		7558CBC422DF50E60043651C /* ThirdViewController.h */ = {isa = PBXFileReference; lastKnownFileType = sourcecode.c.h; path = ThirdViewController.h; sourceTree = "<group>"; };
		7558CBC522DF50E60043651C /* ThirdViewController.m */ = {isa = PBXFileReference; lastKnownFileType = sourcecode.c.objc; path = ThirdViewController.m; sourceTree = "<group>"; };
		75D1ADA823191C5800C01BA1 /* xmhzma.MP4 */ = {isa = PBXFileReference; lastKnownFileType = file; path = xmhzma.MP4; sourceTree = "<group>"; };
		75D1ADAA2319208300C01BA1 /* jingcai.gif */ = {isa = PBXFileReference; lastKnownFileType = image.gif; path = jingcai.gif; sourceTree = "<group>"; };
		75DA9DB3230E924A0000A955 /* UIImage+WZMCustomImage.m */ = {isa = PBXFileReference; fileEncoding = 4; lastKnownFileType = sourcecode.c.objc; path = "UIImage+WZMCustomImage.m"; sourceTree = "<group>"; };
		75DA9DB5230E924A0000A955 /* UIImage+WZMCustomImage.h */ = {isa = PBXFileReference; fileEncoding = 4; lastKnownFileType = sourcecode.c.h; path = "UIImage+WZMCustomImage.h"; sourceTree = "<group>"; };
		75DA9DB9230E924A0000A955 /* WZMAttributeTextView.h */ = {isa = PBXFileReference; fileEncoding = 4; lastKnownFileType = sourcecode.c.h; path = WZMAttributeTextView.h; sourceTree = "<group>"; };
		75DA9DBA230E924A0000A955 /* WZMTextStorage.m */ = {isa = PBXFileReference; fileEncoding = 4; lastKnownFileType = sourcecode.c.objc; path = WZMTextStorage.m; sourceTree = "<group>"; };
		75DA9DBB230E924A0000A955 /* WZMAttributeTextView.m */ = {isa = PBXFileReference; fileEncoding = 4; lastKnownFileType = sourcecode.c.objc; path = WZMAttributeTextView.m; sourceTree = "<group>"; };
		75DA9DBC230E924A0000A955 /* WZMTextStorage.h */ = {isa = PBXFileReference; fileEncoding = 4; lastKnownFileType = sourcecode.c.h; path = WZMTextStorage.h; sourceTree = "<group>"; };
		75DA9DC1230E924A0000A955 /* WZMIAPManager.m */ = {isa = PBXFileReference; fileEncoding = 4; lastKnownFileType = sourcecode.c.objc; path = WZMIAPManager.m; sourceTree = "<group>"; };
		75DA9DC2230E924A0000A955 /* WZMIAPManager.h */ = {isa = PBXFileReference; fileEncoding = 4; lastKnownFileType = sourcecode.c.h; path = WZMIAPManager.h; sourceTree = "<group>"; };
		75DA9DC4230E924A0000A955 /* WZMCrashManager.m */ = {isa = PBXFileReference; fileEncoding = 4; lastKnownFileType = sourcecode.c.objc; path = WZMCrashManager.m; sourceTree = "<group>"; };
		75DA9DC5230E924A0000A955 /* WZMCrashManager.h */ = {isa = PBXFileReference; fileEncoding = 4; lastKnownFileType = sourcecode.c.h; path = WZMCrashManager.h; sourceTree = "<group>"; };
		75DA9DC8230E924A0000A955 /* WZMURLResponse.h */ = {isa = PBXFileReference; fileEncoding = 4; lastKnownFileType = sourcecode.c.h; path = WZMURLResponse.h; sourceTree = "<group>"; };
		75DA9DC9230E924A0000A955 /* WZMProviderDataCache.m */ = {isa = PBXFileReference; fileEncoding = 4; lastKnownFileType = sourcecode.c.objc; path = WZMProviderDataCache.m; sourceTree = "<group>"; };
		75DA9DCA230E924A0000A955 /* WZMBaseDataProvider.h */ = {isa = PBXFileReference; fileEncoding = 4; lastKnownFileType = sourcecode.c.h; path = WZMBaseDataProvider.h; sourceTree = "<group>"; };
		75DA9DCB230E924A0000A955 /* WZMURLResponse.m */ = {isa = PBXFileReference; fileEncoding = 4; lastKnownFileType = sourcecode.c.objc; path = WZMURLResponse.m; sourceTree = "<group>"; };
		75DA9DCC230E924A0000A955 /* WZMBaseDataProvider.m */ = {isa = PBXFileReference; fileEncoding = 4; lastKnownFileType = sourcecode.c.objc; path = WZMBaseDataProvider.m; sourceTree = "<group>"; };
		75DA9DCD230E924A0000A955 /* WZMProviderDataCache.h */ = {isa = PBXFileReference; fileEncoding = 4; lastKnownFileType = sourcecode.c.h; path = WZMProviderDataCache.h; sourceTree = "<group>"; };
		75DA9DCF230E924A0000A955 /* WZMBaseViewController.m */ = {isa = PBXFileReference; fileEncoding = 4; lastKnownFileType = sourcecode.c.objc; path = WZMBaseViewController.m; sourceTree = "<group>"; };
		75DA9DD0230E924A0000A955 /* WZMPullListViewController.m */ = {isa = PBXFileReference; fileEncoding = 4; lastKnownFileType = sourcecode.c.objc; path = WZMPullListViewController.m; sourceTree = "<group>"; };
		75DA9DD1230E924A0000A955 /* WZMBaseViewController.h */ = {isa = PBXFileReference; fileEncoding = 4; lastKnownFileType = sourcecode.c.h; path = WZMBaseViewController.h; sourceTree = "<group>"; };
		75DA9DD2230E924A0000A955 /* WZMPullListViewController.h */ = {isa = PBXFileReference; fileEncoding = 4; lastKnownFileType = sourcecode.c.h; path = WZMPullListViewController.h; sourceTree = "<group>"; };
		75DA9DD4230E924A0000A955 /* WZMBaseModel.h */ = {isa = PBXFileReference; fileEncoding = 4; lastKnownFileType = sourcecode.c.h; path = WZMBaseModel.h; sourceTree = "<group>"; };
		75DA9DD5230E924A0000A955 /* WZMBaseModel.m */ = {isa = PBXFileReference; fileEncoding = 4; lastKnownFileType = sourcecode.c.objc; path = WZMBaseModel.m; sourceTree = "<group>"; };
		75DA9DDA230E924A0000A955 /* WZMNavigationController.m */ = {isa = PBXFileReference; fileEncoding = 4; lastKnownFileType = sourcecode.c.objc; path = WZMNavigationController.m; sourceTree = "<group>"; };
		75DA9DDB230E924A0000A955 /* UINavigationController+wzmnav.m */ = {isa = PBXFileReference; fileEncoding = 4; lastKnownFileType = sourcecode.c.objc; path = "UINavigationController+wzmnav.m"; sourceTree = "<group>"; };
		75DA9DDD230E924A0000A955 /* WZMScreenShotView.m */ = {isa = PBXFileReference; fileEncoding = 4; lastKnownFileType = sourcecode.c.objc; path = WZMScreenShotView.m; sourceTree = "<group>"; };
		75DA9DDE230E924A0000A955 /* WZMScreenShotView.h */ = {isa = PBXFileReference; fileEncoding = 4; lastKnownFileType = sourcecode.c.h; path = WZMScreenShotView.h; sourceTree = "<group>"; };
		75DA9DDF230E924A0000A955 /* UINavigationController+wzmnav.h */ = {isa = PBXFileReference; fileEncoding = 4; lastKnownFileType = sourcecode.c.h; path = "UINavigationController+wzmnav.h"; sourceTree = "<group>"; };
		75DA9DE0230E924A0000A955 /* WZMNavigationController.h */ = {isa = PBXFileReference; fileEncoding = 4; lastKnownFileType = sourcecode.c.h; path = WZMNavigationController.h; sourceTree = "<group>"; };
		75DA9DE1230E924A0000A955 /* WZMNavigationPopProtocol.h */ = {isa = PBXFileReference; fileEncoding = 4; lastKnownFileType = sourcecode.c.h; path = WZMNavigationPopProtocol.h; sourceTree = "<group>"; };
		75DA9DE3230E924A0000A955 /* WZMWebViewController.h */ = {isa = PBXFileReference; fileEncoding = 4; lastKnownFileType = sourcecode.c.h; path = WZMWebViewController.h; sourceTree = "<group>"; };
		75DA9DE5230E924A0000A955 /* WKWebView+WZMWebViewController.m */ = {isa = PBXFileReference; fileEncoding = 4; lastKnownFileType = sourcecode.c.objc; path = "WKWebView+WZMWebViewController.m"; sourceTree = "<group>"; };
		75DA9DE6230E924A0000A955 /* WZMWebHelper.h */ = {isa = PBXFileReference; fileEncoding = 4; lastKnownFileType = sourcecode.c.h; path = WZMWebHelper.h; sourceTree = "<group>"; };
		75DA9DE8230E924A0000A955 /* WKWebView+WZMWebViewController.h */ = {isa = PBXFileReference; fileEncoding = 4; lastKnownFileType = sourcecode.c.h; path = "WKWebView+WZMWebViewController.h"; sourceTree = "<group>"; };
		75DA9DEA230E924A0000A955 /* WZMWebHelper.m */ = {isa = PBXFileReference; fileEncoding = 4; lastKnownFileType = sourcecode.c.objc; path = WZMWebHelper.m; sourceTree = "<group>"; };
		75DA9DEC230E924A0000A955 /* WZMTest.css */ = {isa = PBXFileReference; fileEncoding = 4; lastKnownFileType = text.css; path = WZMTest.css; sourceTree = "<group>"; };
		75DA9DED230E924A0000A955 /* WZMTest.js */ = {isa = PBXFileReference; fileEncoding = 4; lastKnownFileType = sourcecode.javascript; path = WZMTest.js; sourceTree = "<group>"; };
		75DA9DEE230E924A0000A955 /* WZMTest.png */ = {isa = PBXFileReference; lastKnownFileType = image.png; path = WZMTest.png; sourceTree = "<group>"; };
		75DA9DEF230E924A0000A955 /* WZMTest.html */ = {isa = PBXFileReference; fileEncoding = 4; lastKnownFileType = text.html; path = WZMTest.html; sourceTree = "<group>"; };
		75DA9DF0230E924A0000A955 /* WZMWebViewController.m */ = {isa = PBXFileReference; fileEncoding = 4; lastKnownFileType = sourcecode.c.objc; path = WZMWebViewController.m; sourceTree = "<group>"; };
		75DA9DF2230E924A0000A955 /* WZMUserContentController.m */ = {isa = PBXFileReference; fileEncoding = 4; lastKnownFileType = sourcecode.c.objc; path = WZMUserContentController.m; sourceTree = "<group>"; };
		75DA9DF3230E924A0000A955 /* WZMUserContentController.h */ = {isa = PBXFileReference; fileEncoding = 4; lastKnownFileType = sourcecode.c.h; path = WZMUserContentController.h; sourceTree = "<group>"; };
		75DA9DF5230E924A0000A955 /* WZMWebProgressLayer.h */ = {isa = PBXFileReference; fileEncoding = 4; lastKnownFileType = sourcecode.c.h; path = WZMWebProgressLayer.h; sourceTree = "<group>"; };
		75DA9DF6230E924A0000A955 /* WZMWebProgressLayer.m */ = {isa = PBXFileReference; fileEncoding = 4; lastKnownFileType = sourcecode.c.objc; path = WZMWebProgressLayer.m; sourceTree = "<group>"; };
		75DA9DF8230E924A0000A955 /* WZMTabBarController.m */ = {isa = PBXFileReference; fileEncoding = 4; lastKnownFileType = sourcecode.c.objc; path = WZMTabBarController.m; sourceTree = "<group>"; };
		75DA9DF9230E924A0000A955 /* WZMTabBarController.h */ = {isa = PBXFileReference; fileEncoding = 4; lastKnownFileType = sourcecode.c.h; path = WZMTabBarController.h; sourceTree = "<group>"; };
		75DA9E48230E9A030000A955 /* WZMFeature.h */ = {isa = PBXFileReference; lastKnownFileType = sourcecode.c.h; path = WZMFeature.h; sourceTree = "<group>"; };
		75DA9E4A230E9BBC0000A955 /* WZMNewsDataProvider.h */ = {isa = PBXFileReference; fileEncoding = 4; lastKnownFileType = sourcecode.c.h; path = WZMNewsDataProvider.h; sourceTree = "<group>"; };
		75DA9E4B230E9BBC0000A955 /* WZMNewsDataProvider.m */ = {isa = PBXFileReference; fileEncoding = 4; lastKnownFileType = sourcecode.c.objc; path = WZMNewsDataProvider.m; sourceTree = "<group>"; };
		75DA9E4D230E9BBC0000A955 /* WZMNewsModel.h */ = {isa = PBXFileReference; fileEncoding = 4; lastKnownFileType = sourcecode.c.h; path = WZMNewsModel.h; sourceTree = "<group>"; };
		75DA9E4E230E9BBC0000A955 /* WZMNewsModel.m */ = {isa = PBXFileReference; fileEncoding = 4; lastKnownFileType = sourcecode.c.objc; path = WZMNewsModel.m; sourceTree = "<group>"; };
		769C666531D3E3F78F06E262 /* Pods-WZMKit_Example.debug.xcconfig */ = {isa = PBXFileReference; includeInIndex = 1; lastKnownFileType = text.xcconfig; name = "Pods-WZMKit_Example.debug.xcconfig"; path = "Target Support Files/Pods-WZMKit_Example/Pods-WZMKit_Example.debug.xcconfig"; sourceTree = "<group>"; };
		7AB222FE9757B76DF99B833A /* Pods_WZMKit_Example.framework */ = {isa = PBXFileReference; explicitFileType = wrapper.framework; includeInIndex = 0; path = Pods_WZMKit_Example.framework; sourceTree = BUILT_PRODUCTS_DIR; };
		8AF91485E0336DB80B22F793 /* README.md */ = {isa = PBXFileReference; includeInIndex = 1; lastKnownFileType = net.daringfireball.markdown; name = README.md; path = ../README.md; sourceTree = "<group>"; };
		9C63DD93959D398BDB5C6D81 /* Pods_WZMKit_Tests.framework */ = {isa = PBXFileReference; explicitFileType = wrapper.framework; includeInIndex = 0; path = Pods_WZMKit_Tests.framework; sourceTree = BUILT_PRODUCTS_DIR; };
		A3B8C480A6CD194EE2B98100 /* WZMKit.podspec */ = {isa = PBXFileReference; includeInIndex = 1; lastKnownFileType = text; name = WZMKit.podspec; path = ../WZMKit.podspec; sourceTree = "<group>"; xcLanguageSpecificationIdentifier = xcode.lang.ruby; };
		D485FA748EDD144AD72A7367 /* Pods-WZMKit_Example.release.xcconfig */ = {isa = PBXFileReference; includeInIndex = 1; lastKnownFileType = text.xcconfig; name = "Pods-WZMKit_Example.release.xcconfig"; path = "Target Support Files/Pods-WZMKit_Example/Pods-WZMKit_Example.release.xcconfig"; sourceTree = "<group>"; };
/* End PBXFileReference section */

/* Begin PBXFrameworksBuildPhase section */
		6003F587195388D20070C39A /* Frameworks */ = {
			isa = PBXFrameworksBuildPhase;
			buildActionMask = 2147483647;
			files = (
				6003F590195388D20070C39A /* CoreGraphics.framework in Frameworks */,
				6003F592195388D20070C39A /* UIKit.framework in Frameworks */,
				649C2C5224581F1D00FF7635 /* StoreKit.framework in Frameworks */,
				6003F58E195388D20070C39A /* Foundation.framework in Frameworks */,
				8FFC752582DB5F52B13C7854 /* Pods_WZMKit_Example.framework in Frameworks */,
			);
			runOnlyForDeploymentPostprocessing = 0;
		};
		6003F5AB195388D20070C39A /* Frameworks */ = {
			isa = PBXFrameworksBuildPhase;
			buildActionMask = 2147483647;
			files = (
				6003F5B2195388D20070C39A /* UIKit.framework in Frameworks */,
				6003F5B1195388D20070C39A /* Foundation.framework in Frameworks */,
				DE012CDCE7AE8D032B2B7FB0 /* Pods_WZMKit_Tests.framework in Frameworks */,
			);
			runOnlyForDeploymentPostprocessing = 0;
		};
/* End PBXFrameworksBuildPhase section */

/* Begin PBXGroup section */
		4A0A55B0D3F90AA02188C8FD /* Pods */ = {
			isa = PBXGroup;
			children = (
				769C666531D3E3F78F06E262 /* Pods-WZMKit_Example.debug.xcconfig */,
				D485FA748EDD144AD72A7367 /* Pods-WZMKit_Example.release.xcconfig */,
				1D90B6D8FF498486DC003509 /* Pods-WZMKit_Tests.debug.xcconfig */,
				5A2BDFC8FAFC20C0EF7D5AF8 /* Pods-WZMKit_Tests.release.xcconfig */,
			);
			path = Pods;
			sourceTree = "<group>";
		};
		6003F581195388D10070C39A = {
			isa = PBXGroup;
			children = (
				60FF7A9C1954A5C5007DD14C /* Podspec Metadata */,
				6003F593195388D20070C39A /* Example for WZMKit */,
				6003F5B5195388D20070C39A /* Tests */,
				6003F58C195388D20070C39A /* Frameworks */,
				6003F58B195388D20070C39A /* Products */,
				4A0A55B0D3F90AA02188C8FD /* Pods */,
			);
			sourceTree = "<group>";
		};
		6003F58B195388D20070C39A /* Products */ = {
			isa = PBXGroup;
			children = (
				6003F58A195388D20070C39A /* WZMKit_Example.app */,
				6003F5AE195388D20070C39A /* WZMKit_Tests.xctest */,
			);
			name = Products;
			sourceTree = "<group>";
		};
		6003F58C195388D20070C39A /* Frameworks */ = {
			isa = PBXGroup;
			children = (
				649C2C5124581F1D00FF7635 /* StoreKit.framework */,
				6003F58D195388D20070C39A /* Foundation.framework */,
				6003F58F195388D20070C39A /* CoreGraphics.framework */,
				6003F591195388D20070C39A /* UIKit.framework */,
				7AB222FE9757B76DF99B833A /* Pods_WZMKit_Example.framework */,
				9C63DD93959D398BDB5C6D81 /* Pods_WZMKit_Tests.framework */,
			);
			name = Frameworks;
			sourceTree = "<group>";
		};
		6003F593195388D20070C39A /* Example for WZMKit */ = {
			isa = PBXGroup;
			children = (
				7558CBB822DF4FB80043651C /* DemoClass */,
				6003F594195388D20070C39A /* Supporting Files */,
			);
			name = "Example for WZMKit";
			path = WZMKit;
			sourceTree = "<group>";
		};
		6003F594195388D20070C39A /* Supporting Files */ = {
			isa = PBXGroup;
			children = (
				6003F595195388D20070C39A /* WZMKit-Info.plist */,
				6003F596195388D20070C39A /* InfoPlist.strings */,
				6003F599195388D20070C39A /* main.m */,
				6003F59B195388D20070C39A /* WZMKit-Prefix.pch */,
				64B44655255A3E7A0025BBEF /* LaunchScreen.storyboard */,
			);
			name = "Supporting Files";
			sourceTree = "<group>";
		};
		6003F5B5195388D20070C39A /* Tests */ = {
			isa = PBXGroup;
			children = (
				6003F5BB195388D20070C39A /* Tests.m */,
				6003F5B6195388D20070C39A /* Supporting Files */,
			);
			path = Tests;
			sourceTree = "<group>";
		};
		6003F5B6195388D20070C39A /* Supporting Files */ = {
			isa = PBXGroup;
			children = (
				6003F5B7195388D20070C39A /* Tests-Info.plist */,
				6003F5B8195388D20070C39A /* InfoPlist.strings */,
				606FC2411953D9B200FFA9A0 /* Tests-Prefix.pch */,
			);
			name = "Supporting Files";
			sourceTree = "<group>";
		};
		60FF7A9C1954A5C5007DD14C /* Podspec Metadata */ = {
			isa = PBXGroup;
			children = (
				A3B8C480A6CD194EE2B98100 /* WZMKit.podspec */,
				8AF91485E0336DB80B22F793 /* README.md */,
				0EE2092771CDE724AD1E5C17 /* LICENSE */,
			);
			name = "Podspec Metadata";
			sourceTree = "<group>";
		};
		640A45E1253944D300F4AA19 /* Cell */ = {
			isa = PBXGroup;
			children = (
				640A45E2253944E700F4AA19 /* WZMTableViewCell.h */,
				640A45E3253944E700F4AA19 /* WZMTableViewCell.m */,
				640A45E9253944F400F4AA19 /* WZMCollectionViewCell.h */,
				640A45EA253944F400F4AA19 /* WZMCollectionViewCell.m */,
			);
			path = Cell;
			sourceTree = "<group>";
		};
		646A10B2247E63DD00F96689 /* WZMSegmentedViewController */ = {
			isa = PBXGroup;
			children = (
				646A10B9247F499E00F96689 /* WZMSubViewController */,
				646A10B3247E643200F96689 /* WZMSegmentedViewController.h */,
				646A10B4247E643200F96689 /* WZMSegmentedViewController.m */,
			);
			path = WZMSegmentedViewController;
			sourceTree = "<group>";
		};
		646A10B9247F499E00F96689 /* WZMSubViewController */ = {
			isa = PBXGroup;
			children = (
				646A10BA247F49BF00F96689 /* WZMSubViewController.h */,
				646A10BB247F49BF00F96689 /* WZMSubViewController.m */,
			);
			path = WZMSubViewController;
			sourceTree = "<group>";
		};
		646A10C0247F58BF00F96689 /* View */ = {
			isa = PBXGroup;
			children = (
				646A10B6247E6EF900F96689 /* WZMBaseTableView.h */,
				646A10B7247E6EF900F96689 /* WZMBaseTableView.m */,
				646A10BD247F58B900F96689 /* WZMBaseCollectionView.h */,
				646A10BE247F58B900F96689 /* WZMBaseCollectionView.m */,
			);
			path = View;
			sourceTree = "<group>";
		};
		6486E45B23D8451600D777D7 /* WZMRechargeH5 */ = {
			isa = PBXGroup;
			children = (
				6486E45F23D8451600D777D7 /* WZMRechargeModel.h */,
				6486E45D23D8451600D777D7 /* WZMRechargeModel.m */,
				6486E45E23D8451600D777D7 /* WZMRechargeWebController.h */,
				6486E45C23D8451600D777D7 /* WZMRechargeWebController.m */,
			);
			path = WZMRechargeH5;
			sourceTree = "<group>";
		};
		64A8574E25C26782006D5CB0 /* PhotoDuibi */ = {
			isa = PBXGroup;
			children = (
				64A8575625C26A87006D5CB0 /* Resource */,
				64A8574F25C267A1006D5CB0 /* WZMPhotoDuibiViewController.h */,
				64A8575025C267A1006D5CB0 /* WZMPhotoDuibiViewController.m */,
			);
			path = PhotoDuibi;
			sourceTree = "<group>";
		};
		64A8575625C26A87006D5CB0 /* Resource */ = {
			isa = PBXGroup;
			children = (
				64A8575725C26A97006D5CB0 /* photo_add.png */,
			);
			path = Resource;
			sourceTree = "<group>";
		};
		64EA8AC3256CDA4C007EC7C3 /* WZMGifListView */ = {
			isa = PBXGroup;
			children = (
				64EA8AC6256CDA4C007EC7C3 /* WZMGifListCell.h */,
				64EA8AC7256CDA4C007EC7C3 /* WZMGifListCell.m */,
				64EA8AC4256CDA4C007EC7C3 /* WZMGifListView.h */,
				64EA8AC8256CDA4C007EC7C3 /* WZMGifListView.m */,
			);
			path = WZMGifListView;
			sourceTree = "<group>";
		};
		64EA8ACD256CDA52007EC7C3 /* WZMTransGifViewController */ = {
			isa = PBXGroup;
			children = (
				64EA8ADE256CE34C007EC7C3 /* WZMGif */,
				64EA8AC3256CDA4C007EC7C3 /* WZMGifListView */,
				64EA8ABE256CDA09007EC7C3 /* WZMTransGifViewController.h */,
				64EA8ABF256CDA09007EC7C3 /* WZMTransGifViewController.m */,
			);
			path = WZMTransGifViewController;
			sourceTree = "<group>";
		};
		64EA8ADE256CE34C007EC7C3 /* WZMGif */ = {
			isa = PBXGroup;
			children = (
				64EA8B1B256CE618007EC7C3 /* WZMGifHelper.h */,
				64EA8B1C256CE618007EC7C3 /* WZMGifHelper.m */,
			);
			path = WZMGif;
			sourceTree = "<group>";
		};
		7558CBB822DF4FB80043651C /* DemoClass */ = {
			isa = PBXGroup;
			children = (
				75DA9E43230E994D0000A955 /* MMVC */,
				75DA9E47230E99C50000A955 /* WZMFeature */,
			);
			path = DemoClass;
			sourceTree = "<group>";
		};
		75DA9DB2230E924A0000A955 /* WZMExtend */ = {
			isa = PBXGroup;
			children = (
				75DA9DB5230E924A0000A955 /* UIImage+WZMCustomImage.h */,
				75DA9DB3230E924A0000A955 /* UIImage+WZMCustomImage.m */,
			);
			path = WZMExtend;
			sourceTree = "<group>";
		};
		75DA9DB7230E924A0000A955 /* WZMTools */ = {
			isa = PBXGroup;
			children = (
				6486E45B23D8451600D777D7 /* WZMRechargeH5 */,
				75DA9DB8230E924A0000A955 /* WZMAttributeTextView */,
				75DA9DC0230E924A0000A955 /* WZMIAPManager */,
				75DA9DC3230E924A0000A955 /* LLCrashManager */,
			);
			path = WZMTools;
			sourceTree = "<group>";
		};
		75DA9DB8230E924A0000A955 /* WZMAttributeTextView */ = {
			isa = PBXGroup;
			children = (
				75DA9DBC230E924A0000A955 /* WZMTextStorage.h */,
				75DA9DBA230E924A0000A955 /* WZMTextStorage.m */,
				75DA9DB9230E924A0000A955 /* WZMAttributeTextView.h */,
				75DA9DBB230E924A0000A955 /* WZMAttributeTextView.m */,
			);
			path = WZMAttributeTextView;
			sourceTree = "<group>";
		};
		75DA9DC0230E924A0000A955 /* WZMIAPManager */ = {
			isa = PBXGroup;
			children = (
				75DA9DC2230E924A0000A955 /* WZMIAPManager.h */,
				75DA9DC1230E924A0000A955 /* WZMIAPManager.m */,
			);
			path = WZMIAPManager;
			sourceTree = "<group>";
		};
		75DA9DC3230E924A0000A955 /* LLCrashManager */ = {
			isa = PBXGroup;
			children = (
				75DA9DC5230E924A0000A955 /* WZMCrashManager.h */,
				75DA9DC4230E924A0000A955 /* WZMCrashManager.m */,
			);
			path = LLCrashManager;
			sourceTree = "<group>";
		};
		75DA9DC6230E924A0000A955 /* WZMBaseClass */ = {
			isa = PBXGroup;
			children = (
				75DA9DD3230E924A0000A955 /* WZMBaseModel */,
				75DA9DC7230E924A0000A955 /* WZMBaseViewModel */,
				75DA9DCE230E924A0000A955 /* WZMBaseController */,
			);
			path = WZMBaseClass;
			sourceTree = "<group>";
		};
		75DA9DC7230E924A0000A955 /* WZMBaseViewModel */ = {
			isa = PBXGroup;
			children = (
				75DA9DC8230E924A0000A955 /* WZMURLResponse.h */,
				75DA9DCB230E924A0000A955 /* WZMURLResponse.m */,
				75DA9DCA230E924A0000A955 /* WZMBaseDataProvider.h */,
				75DA9DCC230E924A0000A955 /* WZMBaseDataProvider.m */,
				75DA9DCD230E924A0000A955 /* WZMProviderDataCache.h */,
				75DA9DC9230E924A0000A955 /* WZMProviderDataCache.m */,
			);
			path = WZMBaseViewModel;
			sourceTree = "<group>";
		};
		75DA9DCE230E924A0000A955 /* WZMBaseController */ = {
			isa = PBXGroup;
			children = (
				640A45E1253944D300F4AA19 /* Cell */,
				646A10C0247F58BF00F96689 /* View */,
				64E84A36246CD967008958FF /* wzm_back_black.png */,
				64E84A35246CD967008958FF /* wzm_back_white.png */,
				75DA9DD1230E924A0000A955 /* WZMBaseViewController.h */,
				75DA9DCF230E924A0000A955 /* WZMBaseViewController.m */,
				75DA9DD2230E924A0000A955 /* WZMPullListViewController.h */,
				75DA9DD0230E924A0000A955 /* WZMPullListViewController.m */,
			);
			path = WZMBaseController;
			sourceTree = "<group>";
		};
		75DA9DD3230E924A0000A955 /* WZMBaseModel */ = {
			isa = PBXGroup;
			children = (
				75DA9DD4230E924A0000A955 /* WZMBaseModel.h */,
				75DA9DD5230E924A0000A955 /* WZMBaseModel.m */,
			);
			path = WZMBaseModel;
			sourceTree = "<group>";
		};
		75DA9DD8230E924A0000A955 /* WZMCommon */ = {
			isa = PBXGroup;
			children = (
				75DA9DD9230E924A0000A955 /* WZMNavigationController */,
				75DA9DE2230E924A0000A955 /* WZMWebViewController */,
				75DA9DF7230E924A0000A955 /* WZMTabBarController */,
			);
			path = WZMCommon;
			sourceTree = "<group>";
		};
		75DA9DD9230E924A0000A955 /* WZMNavigationController */ = {
			isa = PBXGroup;
			children = (
				75DA9DDC230E924A0000A955 /* WZMScreenShotView */,
				75DA9DE0230E924A0000A955 /* WZMNavigationController.h */,
				75DA9DDA230E924A0000A955 /* WZMNavigationController.m */,
				75DA9DE1230E924A0000A955 /* WZMNavigationPopProtocol.h */,
				75DA9DDF230E924A0000A955 /* UINavigationController+wzmnav.h */,
				75DA9DDB230E924A0000A955 /* UINavigationController+wzmnav.m */,
			);
			path = WZMNavigationController;
			sourceTree = "<group>";
		};
		75DA9DDC230E924A0000A955 /* WZMScreenShotView */ = {
			isa = PBXGroup;
			children = (
				75DA9DDE230E924A0000A955 /* WZMScreenShotView.h */,
				75DA9DDD230E924A0000A955 /* WZMScreenShotView.m */,
			);
			path = WZMScreenShotView;
			sourceTree = "<group>";
		};
		75DA9DE2230E924A0000A955 /* WZMWebViewController */ = {
			isa = PBXGroup;
			children = (
				75DA9DE4230E924A0000A955 /* WZMWebHelper */,
				75DA9DEB230E924A0000A955 /* WZMWebResouce */,
				75DA9DF4230E924A0000A955 /* WZMWebProgressLayer */,
				75DA9DF1230E924A0000A955 /* WZMUserContentController */,
				75DA9DE3230E924A0000A955 /* WZMWebViewController.h */,
				75DA9DF0230E924A0000A955 /* WZMWebViewController.m */,
			);
			path = WZMWebViewController;
			sourceTree = "<group>";
		};
		75DA9DE4230E924A0000A955 /* WZMWebHelper */ = {
			isa = PBXGroup;
			children = (
				75DA9DE6230E924A0000A955 /* WZMWebHelper.h */,
				75DA9DEA230E924A0000A955 /* WZMWebHelper.m */,
				75DA9DE8230E924A0000A955 /* WKWebView+WZMWebViewController.h */,
				75DA9DE5230E924A0000A955 /* WKWebView+WZMWebViewController.m */,
			);
			path = WZMWebHelper;
			sourceTree = "<group>";
		};
		75DA9DEB230E924A0000A955 /* WZMWebResouce */ = {
			isa = PBXGroup;
			children = (
				64C03D99246AC795003EBE79 /* wzm_reload_black.png */,
				64E84A39246CE199008958FF /* wzm_reload_white.png */,
				75DA9DEC230E924A0000A955 /* WZMTest.css */,
				75DA9DED230E924A0000A955 /* WZMTest.js */,
				75DA9DEE230E924A0000A955 /* WZMTest.png */,
				75DA9DEF230E924A0000A955 /* WZMTest.html */,
			);
			path = WZMWebResouce;
			sourceTree = "<group>";
		};
		75DA9DF1230E924A0000A955 /* WZMUserContentController */ = {
			isa = PBXGroup;
			children = (
				75DA9DF3230E924A0000A955 /* WZMUserContentController.h */,
				75DA9DF2230E924A0000A955 /* WZMUserContentController.m */,
			);
			path = WZMUserContentController;
			sourceTree = "<group>";
		};
		75DA9DF4230E924A0000A955 /* WZMWebProgressLayer */ = {
			isa = PBXGroup;
			children = (
				75DA9DF5230E924A0000A955 /* WZMWebProgressLayer.h */,
				75DA9DF6230E924A0000A955 /* WZMWebProgressLayer.m */,
			);
			path = WZMWebProgressLayer;
			sourceTree = "<group>";
		};
		75DA9DF7230E924A0000A955 /* WZMTabBarController */ = {
			isa = PBXGroup;
			children = (
				75DA9DF9230E924A0000A955 /* WZMTabBarController.h */,
				75DA9DF8230E924A0000A955 /* WZMTabBarController.m */,
			);
			path = WZMTabBarController;
			sourceTree = "<group>";
		};
		75DA9E43230E994D0000A955 /* MMVC */ = {
			isa = PBXGroup;
			children = (
				75DA9E57230E9CEC0000A955 /* AppDelegate */,
				64A8574E25C26782006D5CB0 /* PhotoDuibi */,
				75DA9E44230E99590000A955 /* First */,
				75DA9E46230E99670000A955 /* Second */,
				75DA9E45230E99610000A955 /* Third */,
				75DA9E52230E9C7F0000A955 /* Resource */,
			);
			path = MMVC;
			sourceTree = "<group>";
		};
		75DA9E44230E99590000A955 /* First */ = {
			isa = PBXGroup;
			children = (
				75DA9E4C230E9BBC0000A955 /* Model */,
				75DA9E49230E9BBC0000A955 /* ViewModel */,
				75DA9E51230E9BC00000A955 /* Controller */,
			);
			path = First;
			sourceTree = "<group>";
		};
		75DA9E45230E99610000A955 /* Third */ = {
			isa = PBXGroup;
			children = (
				646A10B2247E63DD00F96689 /* WZMSegmentedViewController */,
				7558CBC422DF50E60043651C /* ThirdViewController.h */,
				7558CBC522DF50E60043651C /* ThirdViewController.m */,
			);
			path = Third;
			sourceTree = "<group>";
		};
		75DA9E46230E99670000A955 /* Second */ = {
			isa = PBXGroup;
			children = (
				6425D27F25E38EA5000308DC /* WTRotateView.h */,
				6425D28025E38EA5000308DC /* WTRotateView.m */,
				6425D28725E3B259000308DC /* WZMImageDrawView.h */,
				6425D28825E3B259000308DC /* WZMImageDrawView.m */,
				64EA8ACD256CDA52007EC7C3 /* WZMTransGifViewController */,
				7558CBC122DF50D30043651C /* SecondViewController.h */,
				7558CBC222DF50D30043651C /* SecondViewController.m */,
			);
			path = Second;
			sourceTree = "<group>";
		};
		75DA9E47230E99C50000A955 /* WZMFeature */ = {
			isa = PBXGroup;
			children = (
				75DA9E48230E9A030000A955 /* WZMFeature.h */,
				75DA9DC6230E924A0000A955 /* WZMBaseClass */,
				75DA9DD8230E924A0000A955 /* WZMCommon */,
				75DA9DB2230E924A0000A955 /* WZMExtend */,
				75DA9DB7230E924A0000A955 /* WZMTools */,
			);
			path = WZMFeature;
			sourceTree = "<group>";
		};
		75DA9E49230E9BBC0000A955 /* ViewModel */ = {
			isa = PBXGroup;
			children = (
				75DA9E4A230E9BBC0000A955 /* WZMNewsDataProvider.h */,
				75DA9E4B230E9BBC0000A955 /* WZMNewsDataProvider.m */,
			);
			path = ViewModel;
			sourceTree = "<group>";
		};
		75DA9E4C230E9BBC0000A955 /* Model */ = {
			isa = PBXGroup;
			children = (
				75DA9E4D230E9BBC0000A955 /* WZMNewsModel.h */,
				75DA9E4E230E9BBC0000A955 /* WZMNewsModel.m */,
			);
			path = Model;
			sourceTree = "<group>";
		};
		75DA9E51230E9BC00000A955 /* Controller */ = {
			isa = PBXGroup;
			children = (
				7558CBBA22DF4FB80043651C /* FirstViewController.h */,
				7558CBB922DF4FB80043651C /* FirstViewController.m */,
			);
			path = Controller;
			sourceTree = "<group>";
		};
		75DA9E52230E9C7F0000A955 /* Resource */ = {
			isa = PBXGroup;
			children = (
				646F21AE24064BE500B49DB1 /* WXxiari.ttf */,
				75D1ADAA2319208300C01BA1 /* jingcai.gif */,
				75D1ADA823191C5800C01BA1 /* xmhzma.MP4 */,
				6003F5A8195388D20070C39A /* Images.xcassets */,
			);
			path = Resource;
			sourceTree = "<group>";
		};
		75DA9E57230E9CEC0000A955 /* AppDelegate */ = {
			isa = PBXGroup;
			children = (
				6003F59C195388D20070C39A /* WZMAppDelegate.h */,
				6003F59D195388D20070C39A /* WZMAppDelegate.m */,
			);
			path = AppDelegate;
			sourceTree = "<group>";
		};
/* End PBXGroup section */

/* Begin PBXNativeTarget section */
		6003F589195388D20070C39A /* WZMKit_Example */ = {
			isa = PBXNativeTarget;
			buildConfigurationList = 6003F5BF195388D20070C39A /* Build configuration list for PBXNativeTarget "WZMKit_Example" */;
			buildPhases = (
				326881F6E29D5C0A9A694CD6 /* [CP] Check Pods Manifest.lock */,
				6003F586195388D20070C39A /* Sources */,
				6003F587195388D20070C39A /* Frameworks */,
				6003F588195388D20070C39A /* Resources */,
				2EB27DEDFB4629B8816A9340 /* [CP] Embed Pods Frameworks */,
			);
			buildRules = (
			);
			dependencies = (
			);
			name = WZMKit_Example;
			productName = WZMKit;
			productReference = 6003F58A195388D20070C39A /* WZMKit_Example.app */;
			productType = "com.apple.product-type.application";
		};
		6003F5AD195388D20070C39A /* WZMKit_Tests */ = {
			isa = PBXNativeTarget;
			buildConfigurationList = 6003F5C2195388D20070C39A /* Build configuration list for PBXNativeTarget "WZMKit_Tests" */;
			buildPhases = (
				418E92D0BBEA2A9B0417D445 /* [CP] Check Pods Manifest.lock */,
				6003F5AA195388D20070C39A /* Sources */,
				6003F5AB195388D20070C39A /* Frameworks */,
				6003F5AC195388D20070C39A /* Resources */,
			);
			buildRules = (
			);
			dependencies = (
				6003F5B4195388D20070C39A /* PBXTargetDependency */,
			);
			name = WZMKit_Tests;
			productName = WZMKitTests;
			productReference = 6003F5AE195388D20070C39A /* WZMKit_Tests.xctest */;
			productType = "com.apple.product-type.bundle.unit-test";
		};
/* End PBXNativeTarget section */

/* Begin PBXProject section */
		6003F582195388D10070C39A /* Project object */ = {
			isa = PBXProject;
			attributes = {
				CLASSPREFIX = WZM;
				LastUpgradeCheck = 0720;
				ORGANIZATIONNAME = wangzhaomeng;
				TargetAttributes = {
					6003F589195388D20070C39A = {
						DevelopmentTeam = 2V44WYXQPX;
					};
					6003F5AD195388D20070C39A = {
						TestTargetID = 6003F589195388D20070C39A;
					};
				};
			};
			buildConfigurationList = 6003F585195388D10070C39A /* Build configuration list for PBXProject "WZMKit" */;
			compatibilityVersion = "Xcode 3.2";
			developmentRegion = English;
			hasScannedForEncodings = 0;
			knownRegions = (
				English,
				en,
				Base,
			);
			mainGroup = 6003F581195388D10070C39A;
			productRefGroup = 6003F58B195388D20070C39A /* Products */;
			projectDirPath = "";
			projectRoot = "";
			targets = (
				6003F589195388D20070C39A /* WZMKit_Example */,
				6003F5AD195388D20070C39A /* WZMKit_Tests */,
			);
		};
/* End PBXProject section */

/* Begin PBXResourcesBuildPhase section */
		6003F588195388D20070C39A /* Resources */ = {
			isa = PBXResourcesBuildPhase;
			buildActionMask = 2147483647;
			files = (
				6003F5A9195388D20070C39A /* Images.xcassets in Resources */,
				64E84A3A246CE199008958FF /* wzm_reload_white.png in Resources */,
				64E84A37246CD967008958FF /* wzm_back_white.png in Resources */,
				6003F598195388D20070C39A /* InfoPlist.strings in Resources */,
				64E84A38246CD967008958FF /* wzm_back_black.png in Resources */,
				75DA9E30230E924A0000A955 /* WZMTest.png in Resources */,
				64B44656255A3E7A0025BBEF /* LaunchScreen.storyboard in Resources */,
				75D1ADA923191C5900C01BA1 /* xmhzma.MP4 in Resources */,
				64C03D9A246AC795003EBE79 /* wzm_reload_black.png in Resources */,
				75DA9E31230E924A0000A955 /* WZMTest.html in Resources */,
				75D1ADAB2319208300C01BA1 /* jingcai.gif in Resources */,
				64A8575825C26A97006D5CB0 /* photo_add.png in Resources */,
				646F21AF24064BE500B49DB1 /* WXxiari.ttf in Resources */,
				75DA9E2E230E924A0000A955 /* WZMTest.css in Resources */,
				75DA9E2F230E924A0000A955 /* WZMTest.js in Resources */,
			);
			runOnlyForDeploymentPostprocessing = 0;
		};
		6003F5AC195388D20070C39A /* Resources */ = {
			isa = PBXResourcesBuildPhase;
			buildActionMask = 2147483647;
			files = (
				6003F5BA195388D20070C39A /* InfoPlist.strings in Resources */,
			);
			runOnlyForDeploymentPostprocessing = 0;
		};
/* End PBXResourcesBuildPhase section */

/* Begin PBXShellScriptBuildPhase section */
		2EB27DEDFB4629B8816A9340 /* [CP] Embed Pods Frameworks */ = {
			isa = PBXShellScriptBuildPhase;
			buildActionMask = 2147483647;
			files = (
			);
			inputPaths = (
				"${PODS_ROOT}/Target Support Files/Pods-WZMKit_Example/Pods-WZMKit_Example-frameworks.sh",
				"${BUILT_PRODUCTS_DIR}/WZMKit/WZMKit.framework",
			);
			name = "[CP] Embed Pods Frameworks";
			outputPaths = (
				"${TARGET_BUILD_DIR}/${FRAMEWORKS_FOLDER_PATH}/WZMKit.framework",
			);
			runOnlyForDeploymentPostprocessing = 0;
			shellPath = /bin/sh;
			shellScript = "\"${PODS_ROOT}/Target Support Files/Pods-WZMKit_Example/Pods-WZMKit_Example-frameworks.sh\"\n";
			showEnvVarsInLog = 0;
		};
		326881F6E29D5C0A9A694CD6 /* [CP] Check Pods Manifest.lock */ = {
			isa = PBXShellScriptBuildPhase;
			buildActionMask = 2147483647;
			files = (
			);
			inputFileListPaths = (
			);
			inputPaths = (
				"${PODS_PODFILE_DIR_PATH}/Podfile.lock",
				"${PODS_ROOT}/Manifest.lock",
			);
			name = "[CP] Check Pods Manifest.lock";
			outputFileListPaths = (
			);
			outputPaths = (
				"$(DERIVED_FILE_DIR)/Pods-WZMKit_Example-checkManifestLockResult.txt",
			);
			runOnlyForDeploymentPostprocessing = 0;
			shellPath = /bin/sh;
			shellScript = "diff \"${PODS_PODFILE_DIR_PATH}/Podfile.lock\" \"${PODS_ROOT}/Manifest.lock\" > /dev/null\nif [ $? != 0 ] ; then\n    # print error to STDERR\n    echo \"error: The sandbox is not in sync with the Podfile.lock. Run 'pod install' or update your CocoaPods installation.\" >&2\n    exit 1\nfi\n# This output is used by Xcode 'outputs' to avoid re-running this script phase.\necho \"SUCCESS\" > \"${SCRIPT_OUTPUT_FILE_0}\"\n";
			showEnvVarsInLog = 0;
		};
		418E92D0BBEA2A9B0417D445 /* [CP] Check Pods Manifest.lock */ = {
			isa = PBXShellScriptBuildPhase;
			buildActionMask = 2147483647;
			files = (
			);
			inputFileListPaths = (
			);
			inputPaths = (
				"${PODS_PODFILE_DIR_PATH}/Podfile.lock",
				"${PODS_ROOT}/Manifest.lock",
			);
			name = "[CP] Check Pods Manifest.lock";
			outputFileListPaths = (
			);
			outputPaths = (
				"$(DERIVED_FILE_DIR)/Pods-WZMKit_Tests-checkManifestLockResult.txt",
			);
			runOnlyForDeploymentPostprocessing = 0;
			shellPath = /bin/sh;
			shellScript = "diff \"${PODS_PODFILE_DIR_PATH}/Podfile.lock\" \"${PODS_ROOT}/Manifest.lock\" > /dev/null\nif [ $? != 0 ] ; then\n    # print error to STDERR\n    echo \"error: The sandbox is not in sync with the Podfile.lock. Run 'pod install' or update your CocoaPods installation.\" >&2\n    exit 1\nfi\n# This output is used by Xcode 'outputs' to avoid re-running this script phase.\necho \"SUCCESS\" > \"${SCRIPT_OUTPUT_FILE_0}\"\n";
			showEnvVarsInLog = 0;
		};
/* End PBXShellScriptBuildPhase section */

/* Begin PBXSourcesBuildPhase section */
		6003F586195388D20070C39A /* Sources */ = {
			isa = PBXSourcesBuildPhase;
			buildActionMask = 2147483647;
			files = (
				75DA9E34230E924A0000A955 /* WZMWebProgressLayer.m in Sources */,
				646A10BC247F49BF00F96689 /* WZMSubViewController.m in Sources */,
				75DA9E4F230E9BBD0000A955 /* WZMNewsDataProvider.m in Sources */,
				7558CBC322DF50D30043651C /* SecondViewController.m in Sources */,
				75DA9E32230E924A0000A955 /* WZMWebViewController.m in Sources */,
				75DA9E25230E924A0000A955 /* WZMBaseViewController.m in Sources */,
				75DA9E1B230E924A0000A955 /* UIImage+WZMCustomImage.m in Sources */,
				6486E46123D8451600D777D7 /* WZMRechargeModel.m in Sources */,
				75DA9E28230E924A0000A955 /* WZMNavigationController.m in Sources */,
				7558CBC622DF50E60043651C /* ThirdViewController.m in Sources */,
				646A10B8247E6EF900F96689 /* WZMBaseTableView.m in Sources */,
				75DA9E24230E924A0000A955 /* WZMBaseDataProvider.m in Sources */,
				64EA8B1D256CE618007EC7C3 /* WZMGifHelper.m in Sources */,
				75DA9E23230E924A0000A955 /* WZMURLResponse.m in Sources */,
				6486E46023D8451600D777D7 /* WZMRechargeWebController.m in Sources */,
				75DA9E22230E924A0000A955 /* WZMProviderDataCache.m in Sources */,
				75DA9E27230E924A0000A955 /* WZMBaseModel.m in Sources */,
				646A10BF247F58B900F96689 /* WZMBaseCollectionView.m in Sources */,
				75DA9E1E230E924A0000A955 /* WZMAttributeTextView.m in Sources */,
				75DA9E26230E924A0000A955 /* WZMPullListViewController.m in Sources */,
				75DA9E2B230E924A0000A955 /* WKWebView+WZMWebViewController.m in Sources */,
				75DA9E33230E924A0000A955 /* WZMUserContentController.m in Sources */,
				6003F59E195388D20070C39A /* WZMAppDelegate.m in Sources */,
				75DA9E50230E9BBD0000A955 /* WZMNewsModel.m in Sources */,
				75DA9E1D230E924A0000A955 /* WZMTextStorage.m in Sources */,
				640A45EB253944F400F4AA19 /* WZMCollectionViewCell.m in Sources */,
				75DA9E29230E924A0000A955 /* UINavigationController+wzmnav.m in Sources */,
				646A10B5247E643200F96689 /* WZMSegmentedViewController.m in Sources */,
				75DA9E21230E924A0000A955 /* WZMCrashManager.m in Sources */,
				6425D28925E3B259000308DC /* WZMImageDrawView.m in Sources */,
				75DA9E2A230E924A0000A955 /* WZMScreenShotView.m in Sources */,
				64EA8AC0256CDA09007EC7C3 /* WZMTransGifViewController.m in Sources */,
				6003F59A195388D20070C39A /* main.m in Sources */,
				75DA9E35230E924A0000A955 /* WZMTabBarController.m in Sources */,
				7558CBBE22DF4FB90043651C /* FirstViewController.m in Sources */,
				75DA9E2D230E924A0000A955 /* WZMWebHelper.m in Sources */,
				6425D28125E38EA6000308DC /* WTRotateView.m in Sources */,
				640A45E4253944E700F4AA19 /* WZMTableViewCell.m in Sources */,
				64A8575125C267A1006D5CB0 /* WZMPhotoDuibiViewController.m in Sources */,
				64EA8AC9256CDA4C007EC7C3 /* WZMGifListCell.m in Sources */,
				75DA9E20230E924A0000A955 /* WZMIAPManager.m in Sources */,
				64EA8ACA256CDA4C007EC7C3 /* WZMGifListView.m in Sources */,
			);
			runOnlyForDeploymentPostprocessing = 0;
		};
		6003F5AA195388D20070C39A /* Sources */ = {
			isa = PBXSourcesBuildPhase;
			buildActionMask = 2147483647;
			files = (
				6003F5BC195388D20070C39A /* Tests.m in Sources */,
			);
			runOnlyForDeploymentPostprocessing = 0;
		};
/* End PBXSourcesBuildPhase section */

/* Begin PBXTargetDependency section */
		6003F5B4195388D20070C39A /* PBXTargetDependency */ = {
			isa = PBXTargetDependency;
			target = 6003F589195388D20070C39A /* WZMKit_Example */;
			targetProxy = 6003F5B3195388D20070C39A /* PBXContainerItemProxy */;
		};
/* End PBXTargetDependency section */

/* Begin PBXVariantGroup section */
		6003F596195388D20070C39A /* InfoPlist.strings */ = {
			isa = PBXVariantGroup;
			children = (
				6003F597195388D20070C39A /* en */,
			);
			name = InfoPlist.strings;
			sourceTree = "<group>";
		};
		6003F5B8195388D20070C39A /* InfoPlist.strings */ = {
			isa = PBXVariantGroup;
			children = (
				6003F5B9195388D20070C39A /* en */,
			);
			name = InfoPlist.strings;
			sourceTree = "<group>";
		};
/* End PBXVariantGroup section */

/* Begin XCBuildConfiguration section */
		6003F5BD195388D20070C39A /* Debug */ = {
			isa = XCBuildConfiguration;
			buildSettings = {
				ALWAYS_SEARCH_USER_PATHS = NO;
				CLANG_CXX_LANGUAGE_STANDARD = "gnu++0x";
				CLANG_CXX_LIBRARY = "libc++";
				CLANG_ENABLE_MODULES = YES;
				CLANG_ENABLE_OBJC_ARC = YES;
				CLANG_WARN_BOOL_CONVERSION = YES;
				CLANG_WARN_CONSTANT_CONVERSION = YES;
				CLANG_WARN_DIRECT_OBJC_ISA_USAGE = YES_ERROR;
				CLANG_WARN_EMPTY_BODY = YES;
				CLANG_WARN_ENUM_CONVERSION = YES;
				CLANG_WARN_INT_CONVERSION = YES;
				CLANG_WARN_OBJC_ROOT_CLASS = YES_ERROR;
				CLANG_WARN__DUPLICATE_METHOD_MATCH = YES;
				"CODE_SIGN_IDENTITY[sdk=iphoneos*]" = "iPhone Developer";
				COPY_PHASE_STRIP = NO;
				ENABLE_TESTABILITY = YES;
				GCC_C_LANGUAGE_STANDARD = gnu99;
				GCC_DYNAMIC_NO_PIC = NO;
				GCC_OPTIMIZATION_LEVEL = 0;
				GCC_PREPROCESSOR_DEFINITIONS = (
					"DEBUG=1",
					"$(inherited)",
				);
				GCC_SYMBOLS_PRIVATE_EXTERN = NO;
				GCC_WARN_64_TO_32_BIT_CONVERSION = YES;
				GCC_WARN_ABOUT_RETURN_TYPE = YES_ERROR;
				GCC_WARN_UNDECLARED_SELECTOR = YES;
				GCC_WARN_UNINITIALIZED_AUTOS = YES_AGGRESSIVE;
				GCC_WARN_UNUSED_FUNCTION = YES;
				GCC_WARN_UNUSED_VARIABLE = YES;
				IPHONEOS_DEPLOYMENT_TARGET = 9.3;
				ONLY_ACTIVE_ARCH = YES;
				SDKROOT = iphoneos;
				TARGETED_DEVICE_FAMILY = "1,2";
			};
			name = Debug;
		};
		6003F5BE195388D20070C39A /* Release */ = {
			isa = XCBuildConfiguration;
			buildSettings = {
				ALWAYS_SEARCH_USER_PATHS = NO;
				CLANG_CXX_LANGUAGE_STANDARD = "gnu++0x";
				CLANG_CXX_LIBRARY = "libc++";
				CLANG_ENABLE_MODULES = YES;
				CLANG_ENABLE_OBJC_ARC = YES;
				CLANG_WARN_BOOL_CONVERSION = YES;
				CLANG_WARN_CONSTANT_CONVERSION = YES;
				CLANG_WARN_DIRECT_OBJC_ISA_USAGE = YES_ERROR;
				CLANG_WARN_EMPTY_BODY = YES;
				CLANG_WARN_ENUM_CONVERSION = YES;
				CLANG_WARN_INT_CONVERSION = YES;
				CLANG_WARN_OBJC_ROOT_CLASS = YES_ERROR;
				CLANG_WARN__DUPLICATE_METHOD_MATCH = YES;
				"CODE_SIGN_IDENTITY[sdk=iphoneos*]" = "iPhone Developer";
				COPY_PHASE_STRIP = YES;
				ENABLE_NS_ASSERTIONS = NO;
				GCC_C_LANGUAGE_STANDARD = gnu99;
				GCC_WARN_64_TO_32_BIT_CONVERSION = YES;
				GCC_WARN_ABOUT_RETURN_TYPE = YES_ERROR;
				GCC_WARN_UNDECLARED_SELECTOR = YES;
				GCC_WARN_UNINITIALIZED_AUTOS = YES_AGGRESSIVE;
				GCC_WARN_UNUSED_FUNCTION = YES;
				GCC_WARN_UNUSED_VARIABLE = YES;
				IPHONEOS_DEPLOYMENT_TARGET = 9.3;
				SDKROOT = iphoneos;
				TARGETED_DEVICE_FAMILY = "1,2";
				VALIDATE_PRODUCT = YES;
			};
			name = Release;
		};
		6003F5C0195388D20070C39A /* Debug */ = {
			isa = XCBuildConfiguration;
			baseConfigurationReference = 769C666531D3E3F78F06E262 /* Pods-WZMKit_Example.debug.xcconfig */;
			buildSettings = {
				ASSETCATALOG_COMPILER_APPICON_NAME = AppIcon;
				CURRENT_PROJECT_VERSION = 0.2.3;
				DEVELOPMENT_TEAM = 2V44WYXQPX;
				ENABLE_BITCODE = NO;
				GCC_PRECOMPILE_PREFIX_HEADER = YES;
				GCC_PREFIX_HEADER = "WZMKit/WZMKit-Prefix.pch";
				INFOPLIST_FILE = "WZMKit/WZMKit-Info.plist";
				IPHONEOS_DEPLOYMENT_TARGET = 8.0;
				LIBRARY_SEARCH_PATHS = "$(inherited)";
				MARKETING_VERSION = 0.2.3;
				MODULE_NAME = ExampleApp;
				PRODUCT_BUNDLE_IDENTIFIER = org.cocoapods.demo.WZMKit;
				PRODUCT_NAME = "$(TARGET_NAME)";
				SWIFT_VERSION = 4.0;
				TARGETED_DEVICE_FAMILY = 1;
				WARNING_CFLAGS = (
					"-Wno-implicit-retain-self",
					"-Wno-deprecated-declarations",
				);
				WRAPPER_EXTENSION = app;
			};
			name = Debug;
		};
		6003F5C1195388D20070C39A /* Release */ = {
			isa = XCBuildConfiguration;
			baseConfigurationReference = D485FA748EDD144AD72A7367 /* Pods-WZMKit_Example.release.xcconfig */;
			buildSettings = {
				ASSETCATALOG_COMPILER_APPICON_NAME = AppIcon;
				CURRENT_PROJECT_VERSION = 0.2.3;
				DEVELOPMENT_TEAM = 2V44WYXQPX;
				ENABLE_BITCODE = NO;
				GCC_PRECOMPILE_PREFIX_HEADER = YES;
				GCC_PREFIX_HEADER = "WZMKit/WZMKit-Prefix.pch";
				INFOPLIST_FILE = "WZMKit/WZMKit-Info.plist";
				IPHONEOS_DEPLOYMENT_TARGET = 8.0;
				LIBRARY_SEARCH_PATHS = "$(inherited)";
				MARKETING_VERSION = 0.2.3;
				MODULE_NAME = ExampleApp;
				PRODUCT_BUNDLE_IDENTIFIER = org.cocoapods.demo.WZMKit;
				PRODUCT_NAME = "$(TARGET_NAME)";
				SWIFT_VERSION = 4.0;
				TARGETED_DEVICE_FAMILY = 1;
				WARNING_CFLAGS = (
					"-Wno-implicit-retain-self",
					"-Wno-deprecated-declarations",
				);
				WRAPPER_EXTENSION = app;
			};
			name = Release;
		};
		6003F5C3195388D20070C39A /* Debug */ = {
			isa = XCBuildConfiguration;
			baseConfigurationReference = 1D90B6D8FF498486DC003509 /* Pods-WZMKit_Tests.debug.xcconfig */;
			buildSettings = {
				BUNDLE_LOADER = "$(TEST_HOST)";
				FRAMEWORK_SEARCH_PATHS = (
					"$(PLATFORM_DIR)/Developer/Library/Frameworks",
					"$(inherited)",
					"$(DEVELOPER_FRAMEWORKS_DIR)",
				);
				GCC_PRECOMPILE_PREFIX_HEADER = YES;
				GCC_PREFIX_HEADER = "Tests/Tests-Prefix.pch";
				GCC_PREPROCESSOR_DEFINITIONS = (
					"DEBUG=1",
					"$(inherited)",
				);
				INFOPLIST_FILE = "Tests/Tests-Info.plist";
				PRODUCT_BUNDLE_IDENTIFIER = "org.cocoapods.demo.${PRODUCT_NAME:rfc1034identifier}";
				PRODUCT_NAME = "$(TARGET_NAME)";
				SWIFT_VERSION = 4.0;
				TEST_HOST = "$(BUILT_PRODUCTS_DIR)/WZMKit_Example.app/WZMKit_Example";
				WRAPPER_EXTENSION = xctest;
			};
			name = Debug;
		};
		6003F5C4195388D20070C39A /* Release */ = {
			isa = XCBuildConfiguration;
			baseConfigurationReference = 5A2BDFC8FAFC20C0EF7D5AF8 /* Pods-WZMKit_Tests.release.xcconfig */;
			buildSettings = {
				BUNDLE_LOADER = "$(TEST_HOST)";
				FRAMEWORK_SEARCH_PATHS = (
					"$(PLATFORM_DIR)/Developer/Library/Frameworks",
					"$(inherited)",
					"$(DEVELOPER_FRAMEWORKS_DIR)",
				);
				GCC_PRECOMPILE_PREFIX_HEADER = YES;
				GCC_PREFIX_HEADER = "Tests/Tests-Prefix.pch";
				INFOPLIST_FILE = "Tests/Tests-Info.plist";
				PRODUCT_BUNDLE_IDENTIFIER = "org.cocoapods.demo.${PRODUCT_NAME:rfc1034identifier}";
				PRODUCT_NAME = "$(TARGET_NAME)";
				SWIFT_VERSION = 4.0;
				TEST_HOST = "$(BUILT_PRODUCTS_DIR)/WZMKit_Example.app/WZMKit_Example";
				WRAPPER_EXTENSION = xctest;
			};
			name = Release;
		};
/* End XCBuildConfiguration section */

/* Begin XCConfigurationList section */
		6003F585195388D10070C39A /* Build configuration list for PBXProject "WZMKit" */ = {
			isa = XCConfigurationList;
			buildConfigurations = (
				6003F5BD195388D20070C39A /* Debug */,
				6003F5BE195388D20070C39A /* Release */,
			);
			defaultConfigurationIsVisible = 0;
			defaultConfigurationName = Release;
		};
		6003F5BF195388D20070C39A /* Build configuration list for PBXNativeTarget "WZMKit_Example" */ = {
			isa = XCConfigurationList;
			buildConfigurations = (
				6003F5C0195388D20070C39A /* Debug */,
				6003F5C1195388D20070C39A /* Release */,
			);
			defaultConfigurationIsVisible = 0;
			defaultConfigurationName = Release;
		};
		6003F5C2195388D20070C39A /* Build configuration list for PBXNativeTarget "WZMKit_Tests" */ = {
			isa = XCConfigurationList;
			buildConfigurations = (
				6003F5C3195388D20070C39A /* Debug */,
				6003F5C4195388D20070C39A /* Release */,
			);
			defaultConfigurationIsVisible = 0;
			defaultConfigurationName = Release;
		};
/* End XCConfigurationList section */
	};
	rootObject = 6003F582195388D10070C39A /* Project object */;
}
